<?xml version="1.0" encoding="utf-8"?>
<Project ToolsVersion="4.0" xmlns="http://schemas.microsoft.com/developer/msbuild/2003">
  <ItemGroup>
    <Filter Include="98.Default">
      <UniqueIdentifier>{e4b14c11-52df-475b-b837-3a232685c010}</UniqueIdentifier>
    </Filter>
    <Filter Include="00.MainApp">
      <UniqueIdentifier>{ffac1f7d-cb22-4ce8-a7fd-43cfb62fb4db}</UniqueIdentifier>
    </Filter>
    <Filter Include="01.Levels">
      <UniqueIdentifier>{3b3aeff7-5170-4d23-a6bc-ca661d804d84}</UniqueIdentifier>
    </Filter>
    <Filter Include="01.Levels\Logo">
      <UniqueIdentifier>{fc8ef11a-d4da-4fb2-acd6-da87cf54da78}</UniqueIdentifier>
    </Filter>
    <Filter Include="01.Levels\Loading">
      <UniqueIdentifier>{d77e9a5c-f9dd-469f-9e4a-e102f2dc83a4}</UniqueIdentifier>
    </Filter>
    <Filter Include="01.Levels\Loading\Loader">
      <UniqueIdentifier>{09b33f93-851a-4e38-8e8a-83626e4878cb}</UniqueIdentifier>
    </Filter>
    <Filter Include="02.GameObjects">
      <UniqueIdentifier>{db82fc83-d01c-41cf-8115-cfc65328ad5c}</UniqueIdentifier>
    </Filter>
    <Filter Include="02.GameObjects\02.Camera">
      <UniqueIdentifier>{563801dd-18f2-42c6-8c0f-279f233bf0b8}</UniqueIdentifier>
    </Filter>
    <Filter Include="02.GameObjects\06.Sky">
      <UniqueIdentifier>{b7d9deac-92ec-449f-b2e4-f965650e17d5}</UniqueIdentifier>
    </Filter>
    <Filter Include="02.GameObjects\07.Effect">
      <UniqueIdentifier>{190fe5b3-e648-4e0a-9311-8c2b7952c9a9}</UniqueIdentifier>
    </Filter>
    <Filter Include="01.Levels\LevelJW">
      <UniqueIdentifier>{f50dac70-8439-4d7a-b261-1f7f0d22ce06}</UniqueIdentifier>
    </Filter>
    <Filter Include="01.Levels\LevelYW">
      <UniqueIdentifier>{3ea8d6bb-9b36-4697-963b-edcc71ec0e4d}</UniqueIdentifier>
    </Filter>
    <Filter Include="01.Levels\LevelDH">
      <UniqueIdentifier>{14f01e87-c3e2-4c4b-bc02-7a8eca0f6f93}</UniqueIdentifier>
    </Filter>
    <Filter Include="01.Levels\LevelGL">
      <UniqueIdentifier>{114caee8-9a92-40b8-9edf-32778d06ccda}</UniqueIdentifier>
    </Filter>
    <Filter Include="98.Default\Imgui">
      <UniqueIdentifier>{616b9833-a47a-4eff-b72f-3d608893f527}</UniqueIdentifier>
    </Filter>
    <Filter Include="98.Default\Imgui\Backend">
      <UniqueIdentifier>{624280e6-f79c-4cda-87dc-3b5155cfa85e}</UniqueIdentifier>
    </Filter>
    <Filter Include="01.Levels\LevelDH\Tool">
      <UniqueIdentifier>{d260ba25-9dd3-4a2e-ae6d-6d3665e49f83}</UniqueIdentifier>
    </Filter>
    <Filter Include="01.Levels\LevelGL\Tool">
      <UniqueIdentifier>{8671a455-ac8e-4381-af0d-4cb81272fd65}</UniqueIdentifier>
    </Filter>
    <Filter Include="01.Levels\LevelJW\Tool">
      <UniqueIdentifier>{f0850a50-09c5-4f0f-af92-9eaa411944e0}</UniqueIdentifier>
    </Filter>
    <Filter Include="01.Levels\LevelYG">
      <UniqueIdentifier>{85c5eeba-3847-41ce-afd0-b98471da8b71}</UniqueIdentifier>
    </Filter>
    <Filter Include="01.Levels\LevelYG\YG_Tool">
      <UniqueIdentifier>{8de7c18e-dec8-49c8-9824-c68b8062a0b6}</UniqueIdentifier>
    </Filter>
    <Filter Include="02.GameObjects\08.TestObject">
      <UniqueIdentifier>{fd6a2e2e-1acb-4059-8da8-96746c2038c0}</UniqueIdentifier>
    </Filter>
    <Filter Include="02.GameObjects\02.Camera\00.Camara_Free">
      <UniqueIdentifier>{3e4d9fb2-772a-4885-981e-42db3ac214d9}</UniqueIdentifier>
    </Filter>
    <Filter Include="02.GameObjects\02.Camera\01.Camera_CutScene">
      <UniqueIdentifier>{208b02de-9696-4480-9b48-eddf81843e13}</UniqueIdentifier>
    </Filter>
    <Filter Include="02.GameObjects\02.Camera\02.Camera_Orbital">
      <UniqueIdentifier>{20b11ae1-58ab-43ea-a0df-fbcc72eb93ba}</UniqueIdentifier>
    </Filter>
    <Filter Include="01.Levels\LevelGL\UISequence">
      <UniqueIdentifier>{84d85fce-26e2-426d-b3c6-d47585fc318c}</UniqueIdentifier>
    </Filter>
    <Filter Include="02.GameObjects\00.StaticMesh">
      <UniqueIdentifier>{ba614f03-cdd1-4f39-bea9-f61ffef52a92}</UniqueIdentifier>
    </Filter>
    <Filter Include="01.Levels\0_Level_KratCentralStation">
      <UniqueIdentifier>{a3f64273-696d-4106-b58f-efef5e5d53fe}</UniqueIdentifier>
    </Filter>
    <Filter Include="01.Levels\1_Level_KratHotel">
      <UniqueIdentifier>{ea5342ed-30cc-4ec1-8908-d537d6b3b11d}</UniqueIdentifier>
    </Filter>
    <Filter Include="99.Defines">
      <UniqueIdentifier>{72444e1a-0502-4c74-8392-c8e6a1e89ed0}</UniqueIdentifier>
    </Filter>
    <Filter Include="02.GameObjects\07.Effect\EffectContainer">
      <UniqueIdentifier>{2c8a2e19-15c7-4937-9958-c7adac2aeaec}</UniqueIdentifier>
    </Filter>
    <Filter Include="02.GameObjects\07.Effect\EffectContainer\Sprite">
      <UniqueIdentifier>{34236fea-d1bc-453f-8d9a-5b085ca428d9}</UniqueIdentifier>
    </Filter>
    <Filter Include="02.GameObjects\07.Effect\EffectContainer\Trail">
      <UniqueIdentifier>{f3dfc6e3-9403-4ccc-85a3-91c2db939d47}</UniqueIdentifier>
    </Filter>
    <Filter Include="02.GameObjects\07.Effect\EffectContainer\Particle">
      <UniqueIdentifier>{f599145a-12a8-43d0-ae4d-4d668c51ed6c}</UniqueIdentifier>
    </Filter>
    <Filter Include="02.GameObjects\07.Effect\EffectContainer\Mesh">
      <UniqueIdentifier>{796d0e24-7864-414b-af5c-9f1657db5ce9}</UniqueIdentifier>
    </Filter>
    <Filter Include="02.GameObjects\07.Effect\Deprecated">
      <UniqueIdentifier>{4791dabd-c40a-44f5-9ab0-a3c816f83265}</UniqueIdentifier>
    </Filter>
    <Filter Include="02.GameObjects\07.Effect\Deprecated\Explosion">
      <UniqueIdentifier>{bc5eb1b7-60bc-4699-a4fe-4b7b555d9aad}</UniqueIdentifier>
    </Filter>
    <Filter Include="01.Levels\LevelCY">
      <UniqueIdentifier>{fe0db61e-17b3-4a02-b250-2ba12840b64c}</UniqueIdentifier>
    </Filter>
    <Filter Include="01.Levels\LevelCY\Tool">
      <UniqueIdentifier>{c4cd7325-aee3-4c9c-b2d0-f34ede7d57bc}</UniqueIdentifier>
    </Filter>
    <Filter Include="01.Levels\LevelCY\Tool\EffectSequence">
      <UniqueIdentifier>{0937bec9-d18e-47f9-98c3-b4ba670deab4}</UniqueIdentifier>
    </Filter>
    <Filter Include="01.Levels\LevelCY\Tool\ToolParticle">
      <UniqueIdentifier>{8965fe92-8566-43de-91a1-1c9d4df84dfc}</UniqueIdentifier>
    </Filter>
    <Filter Include="02.GameObjects\00.StaticMesh\StaticMesh_Instance">
      <UniqueIdentifier>{3dc06d4f-f034-42de-b5d0-7cc25f51a15f}</UniqueIdentifier>
    </Filter>
    <Filter Include="01.Levels\LevelCY\Tool\ToolMeshEffect">
      <UniqueIdentifier>{c96d79a7-a63e-4a35-83f4-de237defe4ed}</UniqueIdentifier>
    </Filter>
    <Filter Include="02.GameObjects\01.Unit">
      <UniqueIdentifier>{1262068e-f1b1-40a9-9e97-c548a3914883}</UniqueIdentifier>
    </Filter>
    <Filter Include="02.GameObjects\01.Unit\00.Player">
      <UniqueIdentifier>{38ace16e-e299-4a9a-a813-bcd2d3ad5053}</UniqueIdentifier>
    </Filter>
    <Filter Include="03. Observer">
      <UniqueIdentifier>{18a85b51-91ef-4e0f-b3a9-088ada422286}</UniqueIdentifier>
    </Filter>
    <Filter Include="02.GameObjects\01.Unit\00.Player\PlayerBehavior">
      <UniqueIdentifier>{c6317318-96b2-4c47-a258-b55edf9c9eb7}</UniqueIdentifier>
    </Filter>
    <Filter Include="02.GameObjects\03.Weapon">
      <UniqueIdentifier>{87bd98b7-f2e3-4aba-bbd8-673c9acc6bd4}</UniqueIdentifier>
    </Filter>
    <Filter Include="02.GameObjects\03. Item">
      <UniqueIdentifier>{19f9895f-95e4-4f19-8513-e9457ce85169}</UniqueIdentifier>
    </Filter>
    <Filter Include="02.GameObjects\03. Item\Portion">
      <UniqueIdentifier>{bcef0c42-54bd-40dd-a827-7ff316c89096}</UniqueIdentifier>
    </Filter>
    <Filter Include="02.GameObjects\03. Item\Grinder">
      <UniqueIdentifier>{311830bb-b1f9-45ff-a605-d0b0e6094773}</UniqueIdentifier>
    </Filter>
    <Filter Include="02.GameObjects\03. Item\Belt">
      <UniqueIdentifier>{af3572e6-708d-4733-8058-128ddec890f6}</UniqueIdentifier>
    </Filter>
    <Filter Include="03. Observer\Slot">
      <UniqueIdentifier>{e266084c-38d3-42df-9999-4c7cde30193f}</UniqueIdentifier>
    </Filter>
    <Filter Include="02.GameObjects\07.Effect\Manager">
      <UniqueIdentifier>{83ec1aef-1cdb-4949-9c8d-665b1c7541ef}</UniqueIdentifier>
    </Filter>
    <Filter Include="01.Levels\LevelYW\YWTool">
      <UniqueIdentifier>{34b240a9-7dd2-4af1-af56-ac4236feb38c}</UniqueIdentifier>
    </Filter>
    <Filter Include="01.Levels\LevelYW\YWTool\DecalTool">
      <UniqueIdentifier>{e99bfc26-f71f-4ccd-b4ef-22da3b05d58a}</UniqueIdentifier>
    </Filter>
    <Filter Include="01.Levels\LevelYW\YWTool\MapTool">
      <UniqueIdentifier>{d8e56a61-088b-4c0b-a489-2cc6726e9093}</UniqueIdentifier>
    </Filter>
    <Filter Include="01.Levels\LevelYW\YWTool\MapTool\MapToolObject">
      <UniqueIdentifier>{fce6aaa1-a26a-4064-b229-338c8dc82272}</UniqueIdentifier>
    </Filter>
    <Filter Include="01.Levels\LevelYW\YWTool\MapTool\PreviewObject">
      <UniqueIdentifier>{7540b347-438e-4d48-b0f4-5406c3ce1d98}</UniqueIdentifier>
    </Filter>
    <Filter Include="03. Observer\PlayerStatus">
      <UniqueIdentifier>{0cf68e2e-7499-467e-8996-01dcada4ac10}</UniqueIdentifier>
    </Filter>
    <Filter Include="02.GameObjects\09.LockOn">
      <UniqueIdentifier>{cb18d279-3e6c-4d95-ad4e-0d35bac05877}</UniqueIdentifier>
    </Filter>
    <Filter Include="01.Levels\LevelYW\YWTool\DecalTool\DecalToolObject">
      <UniqueIdentifier>{9ce5e829-c00c-4460-9c30-cfc0799dbff4}</UniqueIdentifier>
    </Filter>
    <Filter Include="02.GameObjects\01.Unit\01.Npc">
      <UniqueIdentifier>{47ab934b-78b7-44e1-8389-5d138d652ee2}</UniqueIdentifier>
    </Filter>
    <Filter Include="03. Observer\Weapon">
      <UniqueIdentifier>{1e5850b9-99a0-4042-a443-41b54a11553a}</UniqueIdentifier>
    </Filter>
    <Filter Include="02.GameObjects\01.Unit\02. Monster">
      <UniqueIdentifier>{0008dbe7-bde6-49da-8a19-6f7823aff587}</UniqueIdentifier>
    </Filter>
    <Filter Include="02.GameObjects\01.Unit\02. Monster\Base">
      <UniqueIdentifier>{640de79a-079e-4ddc-8f89-712cac910509}</UniqueIdentifier>
    </Filter>
    <Filter Include="02.GameObjects\01.Unit\02. Monster\Test">
      <UniqueIdentifier>{756bd14f-6752-4cce-ad10-ecb99a4e60bc}</UniqueIdentifier>
    </Filter>
    <Filter Include="01.Levels\LevelCY\Tool\ToolSprite">
      <UniqueIdentifier>{6d34bfb0-9856-4dbe-b836-409dcbeea80a}</UniqueIdentifier>
    </Filter>
    <Filter Include="01.Levels\LevelCY\Tool\ToolTrail%3f">
      <UniqueIdentifier>{15ae98e9-5562-47c1-89a7-afdbb157f889}</UniqueIdentifier>
    </Filter>
    <Filter Include="02.GameObjects\03.Weapon\00.Bayonet">
      <UniqueIdentifier>{abbca159-0435-45fc-ab65-08cd84a25567}</UniqueIdentifier>
    </Filter>
    <Filter Include="02.GameObjects\03.Weapon\99. Monster">
      <UniqueIdentifier>{c592ffc8-b53a-43c4-9123-ad8352b7a2f7}</UniqueIdentifier>
    </Filter>
    <Filter Include="01.Levels\LevelYW\YWTool\NavTool">
      <UniqueIdentifier>{fb47ea16-04a8-482d-8ea8-15112d892ac4}</UniqueIdentifier>
    </Filter>
    <Filter Include="02.GameObjects\10.Nav">
      <UniqueIdentifier>{a6ec052f-24ca-4b62-ada4-db0358cc29f9}</UniqueIdentifier>
    </Filter>
    <Filter Include="02.GameObjects\11.Decal">
      <UniqueIdentifier>{0a277024-54fc-40e1-bd4a-bbb2aab389ed}</UniqueIdentifier>
    </Filter>
    <Filter Include="02.GameObjects\11.Decal\Static_Decal">
      <UniqueIdentifier>{63ea44a1-2c81-4dd5-9e5f-30d93f45d959}</UniqueIdentifier>
    </Filter>
    <Filter Include="02.GameObjects\01.Unit\02. Monster\Boss">
      <UniqueIdentifier>{e085ecdf-fce6-4c5e-830b-3aa32d251fbf}</UniqueIdentifier>
    </Filter>
    <Filter Include="02.GameObjects\01.Unit\02. Monster\Boss\Fuoco">
      <UniqueIdentifier>{d9857476-da8f-4f1b-bcaa-d6c49b41d4a6}</UniqueIdentifier>
    </Filter>
    <Filter Include="02.GameObjects\01.Unit\02. Monster\Buttler">
      <UniqueIdentifier>{6e387c41-6325-48c1-bb47-6fc072b83ccc}</UniqueIdentifier>
    </Filter>
    <Filter Include="02.GameObjects\01.Unit\02. Monster\Police">
      <UniqueIdentifier>{f7b1672f-ca66-4fb8-b159-34e1261f8845}</UniqueIdentifier>
    </Filter>
    <Filter Include="02.GameObjects\01.Unit\02. Monster\Police\Elite">
      <UniqueIdentifier>{82b1cf39-051c-489b-9344-d6882109340c}</UniqueIdentifier>
    </Filter>
    <Filter Include="02.GameObjects\12.Projectile">
      <UniqueIdentifier>{5d4debaf-81fb-45f4-9dc8-a565ee4fb8a5}</UniqueIdentifier>
    </Filter>
    <Filter Include="02.GameObjects\12.Projectile\Fuoco">
      <UniqueIdentifier>{857ac3d0-7a88-456d-8659-01d2ab5485b3}</UniqueIdentifier>
    </Filter>
    <Filter Include="02.GameObjects\13. DynamicMesh">
      <UniqueIdentifier>{603fd7cb-9e42-4575-b9e8-b6874c9d9f10}</UniqueIdentifier>
    </Filter>
    <Filter Include="02.GameObjects\14. AStar">
      <UniqueIdentifier>{b465af8a-30b0-4d99-982d-fc5de51f5df9}</UniqueIdentifier>
    </Filter>
    <Filter Include="02.GameObjects\99.UI\Container\Script">
      <UniqueIdentifier>{a61cbf01-4886-4c8d-9843-72065a5daa6b}</UniqueIdentifier>
    </Filter>
    <Filter Include="02.GameObjects\13. DynamicMesh\00.Door">
      <UniqueIdentifier>{e2e2c08e-7e92-4270-8e1c-0aa1c48aaee1}</UniqueIdentifier>
    </Filter>
    <Filter Include="02.GameObjects\01.Unit\00.Player\Arm">
      <UniqueIdentifier>{de9c87a9-7366-4fba-8867-e942279ecb45}</UniqueIdentifier>
    </Filter>
    <Filter Include="02.GameObjects\99.UI">
      <UniqueIdentifier>{abd57b5b-f0cf-4c34-8c0b-f0f78d57b774}</UniqueIdentifier>
    </Filter>
    <Filter Include="02.GameObjects\99.UI\Dynamic">
      <UniqueIdentifier>{4e1dc362-0847-473b-b517-c3843dd22896}</UniqueIdentifier>
    </Filter>
    <Filter Include="02.GameObjects\99.UI\Dynamic\Bar">
      <UniqueIdentifier>{85e6703b-969f-44ff-8640-27151012a745}</UniqueIdentifier>
    </Filter>
    <Filter Include="02.GameObjects\99.UI\Dynamic\Bar\Loading">
      <UniqueIdentifier>{3a0ddaee-96b8-4ed3-8e84-eb55b5279ee8}</UniqueIdentifier>
    </Filter>
    <Filter Include="02.GameObjects\99.UI\Dynamic\Bar\HP">
      <UniqueIdentifier>{754f49d2-926e-4330-905d-0dc51623fb1b}</UniqueIdentifier>
    </Filter>
    <Filter Include="02.GameObjects\99.UI\Dynamic\Bar\Mana">
      <UniqueIdentifier>{367fcc09-a226-4aab-9b15-2cb35c437e7a}</UniqueIdentifier>
    </Filter>
    <Filter Include="02.GameObjects\99.UI\Dynamic\Bar\Durability">
      <UniqueIdentifier>{204442d3-c69d-4c7a-9141-09b4c54775d5}</UniqueIdentifier>
    </Filter>
    <Filter Include="02.GameObjects\99.UI\Dynamic\Bar\Egro">
      <UniqueIdentifier>{10f0a836-f83b-4549-b109-16566ca11c30}</UniqueIdentifier>
    </Filter>
    <Filter Include="02.GameObjects\99.UI\Dynamic\Bar\Legion">
      <UniqueIdentifier>{8da4136f-ffbc-41ad-a920-f955759a05f0}</UniqueIdentifier>
    </Filter>
    <Filter Include="02.GameObjects\99.UI\Dynamic\Bar\Stamina">
      <UniqueIdentifier>{58e701f2-137e-4b53-9f66-da65d354bf05}</UniqueIdentifier>
    </Filter>
    <Filter Include="02.GameObjects\99.UI\Dynamic\Button">
      <UniqueIdentifier>{2b0fcbb9-ea95-4cc2-a9ea-66880efc5920}</UniqueIdentifier>
    </Filter>
    <Filter Include="02.GameObjects\99.UI\Dynamic\Icon">
      <UniqueIdentifier>{de7768fa-8c6d-44b8-afd6-e7895c20ad10}</UniqueIdentifier>
    </Filter>
    <Filter Include="02.GameObjects\99.UI\Dynamic\Icon\Weapon">
      <UniqueIdentifier>{08aa5e06-5485-4229-9431-8542ea7c75c8}</UniqueIdentifier>
    </Filter>
    <Filter Include="02.GameObjects\99.UI\Dynamic\Icon\Item">
      <UniqueIdentifier>{c0df1a5c-fcd8-485b-a342-280c94755189}</UniqueIdentifier>
    </Filter>
    <Filter Include="02.GameObjects\99.UI\Dynamic\Icon\LegionArm">
      <UniqueIdentifier>{5f05da4b-d7e7-4354-ad22-0daec0c9d1d7}</UniqueIdentifier>
    </Filter>
    <Filter Include="02.GameObjects\99.UI\Dynamic\Feature">
      <UniqueIdentifier>{352f8db1-0649-441d-9b02-807cefb57c48}</UniqueIdentifier>
    </Filter>
    <Filter Include="02.GameObjects\99.UI\Dynamic\Feature\Text">
      <UniqueIdentifier>{149f0ea7-6859-42ca-ba58-38bdbb4a711f}</UniqueIdentifier>
    </Filter>
    <Filter Include="02.GameObjects\99.UI\Dynamic\Feature\Fade">
      <UniqueIdentifier>{1f820ca1-801b-4471-a6a4-62a75a29c844}</UniqueIdentifier>
    </Filter>
    <Filter Include="02.GameObjects\99.UI\Dynamic\Feature\Position">
      <UniqueIdentifier>{fe249679-3cc4-4bb7-84c3-374afcb03f04}</UniqueIdentifier>
    </Filter>
    <Filter Include="02.GameObjects\99.UI\Dynamic\Feature\Scale">
      <UniqueIdentifier>{4537235e-4674-48ab-8d72-0aaf855c27fc}</UniqueIdentifier>
    </Filter>
    <Filter Include="02.GameObjects\99.UI\Dynamic\Feature\UV">
      <UniqueIdentifier>{316b5174-4657-45ad-91c2-3422eb303f38}</UniqueIdentifier>
    </Filter>
    <Filter Include="02.GameObjects\99.UI\Dynamic\Feature\Click">
      <UniqueIdentifier>{563b9a86-eb9e-4b76-b71f-0cbd6f539b67}</UniqueIdentifier>
    </Filter>
    <Filter Include="02.GameObjects\99.UI\Dynamic\Text">
      <UniqueIdentifier>{390fc19e-aa96-482f-a915-8e70584e6967}</UniqueIdentifier>
    </Filter>
    <Filter Include="02.GameObjects\99.UI\Video">
      <UniqueIdentifier>{23a91808-8324-4249-8518-c3ecc5b47f25}</UniqueIdentifier>
    </Filter>
    <Filter Include="02.GameObjects\99.UI\Static">
      <UniqueIdentifier>{3c8f34e0-c54a-461d-a6bf-2ca8b382ad77}</UniqueIdentifier>
    </Filter>
    <Filter Include="02.GameObjects\99.UI\Text">
      <UniqueIdentifier>{b1e0564c-381f-4d59-a7ce-4e891ff924d9}</UniqueIdentifier>
    </Filter>
    <Filter Include="02.GameObjects\99.UI\Container">
      <UniqueIdentifier>{a57f9c53-0a50-4000-935c-7a8076f50e0e}</UniqueIdentifier>
    </Filter>
    <Filter Include="02.GameObjects\99.UI\Container\Guide">
      <UniqueIdentifier>{d4dbb103-38eb-42f4-bae6-7687d2708db9}</UniqueIdentifier>
    </Filter>
    <Filter Include="02.GameObjects\99.UI\Container\Panel">
      <UniqueIdentifier>{cbc0df18-5fd5-4cd3-ae35-23bf397e69ec}</UniqueIdentifier>
    </Filter>
    <Filter Include="02.GameObjects\99.UI\Container\Panel\Player">
      <UniqueIdentifier>{21b0be92-1722-4dbf-9f8a-80c41ff5d6d3}</UniqueIdentifier>
    </Filter>
    <Filter Include="02.GameObjects\99.UI\Container\Panel\Player\LD">
      <UniqueIdentifier>{7ff4fea0-434f-4203-abc5-95abed9014ee}</UniqueIdentifier>
    </Filter>
    <Filter Include="02.GameObjects\99.UI\Container\Panel\Player\RD">
      <UniqueIdentifier>{15bb2e12-bf44-451a-962c-8efd8d082d9c}</UniqueIdentifier>
    </Filter>
    <Filter Include="02.GameObjects\99.UI\Container\Panel\Player\RU">
      <UniqueIdentifier>{654c28ba-81f2-4605-92f6-c6577e62cc0b}</UniqueIdentifier>
    </Filter>
    <Filter Include="02.GameObjects\99.UI\Container\Panel\Player\Arm">
      <UniqueIdentifier>{942c9929-9177-4a5e-88d8-4858d642d97d}</UniqueIdentifier>
    </Filter>
    <Filter Include="02.GameObjects\99.UI\Container\Monster">
      <UniqueIdentifier>{3ee88807-5483-4c39-969c-48cf776b8700}</UniqueIdentifier>
    </Filter>
    <Filter Include="02.GameObjects\99.UI\Container\Script">
      <UniqueIdentifier>{a61cbf01-4886-4c8d-9843-72065a5daa6b}</UniqueIdentifier>
    </Filter>
    <Filter Include="02.GameObjects\99.UI\World">
      <UniqueIdentifier>{c622a759-7795-4101-a76e-892f83c691ef}</UniqueIdentifier>
    </Filter>
    <Filter Include="02.GameObjects\99.UI\World\MonsterHP">
      <UniqueIdentifier>{92e16183-4e96-4a54-898b-955af720b2ea}</UniqueIdentifier>
    </Filter>
    <Filter Include="02.GameObjects\99.UI\World\LockOn">
      <UniqueIdentifier>{a5c9a283-4d2f-4672-a079-61ef465b301d}</UniqueIdentifier>
    </Filter>
    <Filter Include="02.GameObjects\99.UI\World\Fatal">
      <UniqueIdentifier>{f3d18659-20ad-4a08-8688-7e68b1eb696b}</UniqueIdentifier>
    </Filter>
    <Filter Include="02.GameObjects\99.UI\World\Popup">
      <UniqueIdentifier>{609ed156-5d98-42c5-a0c9-a3c033eb0b12}</UniqueIdentifier>
    </Filter>
    <Filter Include="02.GameObjects\01.Unit\00.Player\Arm\Base">
      <UniqueIdentifier>{77774670-8181-44d9-a3cd-ac18e732e9e8}</UniqueIdentifier>
    </Filter>
    <Filter Include="02.GameObjects\01.Unit\00.Player\Arm\Steel">
      <UniqueIdentifier>{e8b16ba0-86c5-4932-821a-a1f8834a9fc5}</UniqueIdentifier>
    </Filter>
    <Filter Include="02.GameObjects\01.Unit\00.Player\Arm\Falcon">
      <UniqueIdentifier>{9b969649-0e9b-4de5-99c4-383ddbfb7c57}</UniqueIdentifier>
    </Filter>
    <Filter Include="01.Levels\LevelYW\YWTool\MonsterTool">
      <UniqueIdentifier>{d3b0d8fc-aabf-4ea6-955f-c42488f4c8b9}</UniqueIdentifier>
    </Filter>
    <Filter Include="02.GameObjects\01.Unit\02. Monster\Buttler\Train">
      <UniqueIdentifier>{a4d31dfd-a1a9-44d0-9d8b-8154a0f1bcfe}</UniqueIdentifier>
    </Filter>
    <Filter Include="02.GameObjects\99.UI\World\Tutorial">
      <UniqueIdentifier>{7619dac2-9da0-4c4b-b7bb-52a6b1622caf}</UniqueIdentifier>
    </Filter>
    <Filter Include="02.GameObjects\99.UI\Manager">
      <UniqueIdentifier>{5012f782-ee34-4b2a-b39c-29b78e33b2bb}</UniqueIdentifier>
    </Filter>
    <Filter Include="02.GameObjects\99.UI\Container\Popup">
      <UniqueIdentifier>{609ed156-5d98-42c5-a0c9-a3c033eb0b12}</UniqueIdentifier>
    </Filter>
    <Filter Include="02.GameObjects\15.StaticTrigger">
      <UniqueIdentifier>{53ddc91d-fc1d-47ec-8d5a-68f72fb6bc75}</UniqueIdentifier>
    </Filter>
    <Filter Include="01.Levels\LevelYW\YWTool\MonsterTool\MonsterToolObject">
      <UniqueIdentifier>{da918027-254d-4345-aec4-3c323dbfff75}</UniqueIdentifier>
    </Filter>
    <Filter Include="02.GameObjects\99.UI\Container\Script\Text">
      <UniqueIdentifier>{5f7dc3bc-1cea-422a-b416-fdc2b1d33a4b}</UniqueIdentifier>
    </Filter>
    <Filter Include="02.GameObjects\99.UI\Container\Script\Talk">
      <UniqueIdentifier>{4eee5c3c-7ac8-4b3d-9f29-6f661ffb1211}</UniqueIdentifier>
    </Filter>
    <Filter Include="97.ShaderFiles">
      <UniqueIdentifier>{d3e6ac29-52aa-40a2-9d7d-35700ad7da3f}</UniqueIdentifier>
    </Filter>
    <Filter Include="97.ShaderFiles\Effect">
      <UniqueIdentifier>{b1ea1614-e2c2-43a4-ad95-890bb9682bf2}</UniqueIdentifier>
    </Filter>
    <Filter Include="02.GameObjects\01.Unit\00.Player\FrontCollider">
      <UniqueIdentifier>{d4c63305-0980-4007-be91-0d252ad9cc49}</UniqueIdentifier>
    </Filter>
    <Filter Include="02.GameObjects\01.Unit\00.Player\Lamp">
      <UniqueIdentifier>{f271a8c5-3b22-4233-b044-b30176865f59}</UniqueIdentifier>
    </Filter>
    <Filter Include="02.GameObjects\99.UI\Container\SelectWeapon">
      <UniqueIdentifier>{6b28a854-4528-4ec6-b1e9-6ad4d197763f}</UniqueIdentifier>
    </Filter>
    <Filter Include="02.GameObjects\99.UI\Dynamic\Icon\ActionType">
      <UniqueIdentifier>{2b13074a-d794-4165-bf06-72b9eabcfbb1}</UniqueIdentifier>
    </Filter>
    <Filter Include="02.GameObjects\01.Unit\02. Monster\Boss\Fuoco\Skill">
      <UniqueIdentifier>{fe63929d-0b86-4319-b35f-e6b8d18eae81}</UniqueIdentifier>
    </Filter>
    <Filter Include="02.GameObjects\15.StaticTrigger\TriggerItem">
      <UniqueIdentifier>{8ce35ac3-2f6d-4bd2-8c70-afdd5167bcd9}</UniqueIdentifier>
    </Filter>
    <Filter Include="02.GameObjects\03. Item\Lamp">
      <UniqueIdentifier>{0e6399e2-beac-4311-99a1-8584f53d5f03}</UniqueIdentifier>
    </Filter>
    <Filter Include="02.GameObjects\15.StaticTrigger\DropItem">
      <UniqueIdentifier>{2c3d912b-b147-46ab-9d4a-e9049f9614e7}</UniqueIdentifier>
    </Filter>
    <Filter Include="02.GameObjects\99.UI\Container\Pickup">
      <UniqueIdentifier>{a19245ee-eea7-44cd-a095-a156e2c472c4}</UniqueIdentifier>
    </Filter>
    <Filter Include="02.GameObjects\99.UI\Container\Pickup\Item">
      <UniqueIdentifier>{ed75b6f6-c903-4fbc-9123-3696358a1edc}</UniqueIdentifier>
    </Filter>
    <Filter Include="02.GameObjects\99.UI\Container\Pickup\Weapon">
      <UniqueIdentifier>{b0dce10e-e343-4df9-98d8-bb1e854e9b1e}</UniqueIdentifier>
    </Filter>
    <Filter Include="02.GameObjects\15.StaticTrigger\UI">
      <UniqueIdentifier>{e05af1b0-7999-451e-b1a1-d4596ece04d9}</UniqueIdentifier>
    </Filter>
    <Filter Include="02.GameObjects\01.Unit\02. Monster\Buttler\Basic">
      <UniqueIdentifier>{c36f0b3c-c3fe-4ba7-a261-cb942f41f202}</UniqueIdentifier>
    </Filter>
    <Filter Include="02.GameObjects\99.UI\Container\Button">
      <UniqueIdentifier>{b6828a60-69e9-498a-8a8d-e54993171365}</UniqueIdentifier>
    </Filter>
    <Filter Include="02.GameObjects\99.UI\Dynamic\Feature\Rotation">
      <UniqueIdentifier>{e874890a-b1e2-4c41-ba17-5f255ffc7f46}</UniqueIdentifier>
    </Filter>
  </ItemGroup>
  <ItemGroup>
    <ClInclude Include="Client.h">
      <Filter>98.Default</Filter>
    </ClInclude>
    <ClInclude Include="framework.h">
      <Filter>98.Default</Filter>
    </ClInclude>
    <ClInclude Include="Resource.h">
      <Filter>98.Default</Filter>
    </ClInclude>
    <ClInclude Include="targetver.h">
      <Filter>98.Default</Filter>
    </ClInclude>
    <ClInclude Include="..\Public\Client_Defines.h">
      <Filter>99.Defines</Filter>
    </ClInclude>
    <ClInclude Include="..\Public\Client_Enum.h">
      <Filter>99.Defines</Filter>
    </ClInclude>
    <ClInclude Include="..\Public\Level_KratCentralStation.h">
      <Filter>01.Levels\0_Level_KratCentralStation</Filter>
    </ClInclude>
    <ClInclude Include="..\Public\Level_Loading.h">
      <Filter>01.Levels\Loading</Filter>
    </ClInclude>
    <ClInclude Include="..\public\MainApp.h">
      <Filter>00.MainApp</Filter>
    </ClInclude>
    <ClInclude Include="..\Public\Sky.h">
      <Filter>02.GameObjects\06.Sky</Filter>
    </ClInclude>
    <ClInclude Include="..\Public\Level_YG.h">
      <Filter>01.Levels\LevelYG</Filter>
    </ClInclude>
    <ClInclude Include="..\Public\Level_YW.h">
      <Filter>01.Levels\LevelYW</Filter>
    </ClInclude>
    <ClInclude Include="imgui\backends\imgui_impl_dx11.h">
      <Filter>98.Default\Imgui\Backend</Filter>
    </ClInclude>
    <ClInclude Include="imgui\backends\imgui_impl_win32.h">
      <Filter>98.Default\Imgui\Backend</Filter>
    </ClInclude>
    <ClInclude Include="imgui\imconfig.h">
      <Filter>98.Default\Imgui</Filter>
    </ClInclude>
    <ClInclude Include="imgui\imgui.h">
      <Filter>98.Default\Imgui</Filter>
    </ClInclude>
    <ClInclude Include="imgui\imgui_internal.h">
      <Filter>98.Default\Imgui</Filter>
    </ClInclude>
    <ClInclude Include="imgui\ImGuiFileDialog.h">
      <Filter>98.Default\Imgui</Filter>
    </ClInclude>
    <ClInclude Include="imgui\ImGuiFileDialogConfig.h">
      <Filter>98.Default\Imgui</Filter>
    </ClInclude>
    <ClInclude Include="imgui\ImGuizmo.h">
      <Filter>98.Default\Imgui</Filter>
    </ClInclude>
    <ClInclude Include="imgui\imstb_rectpack.h">
      <Filter>98.Default\Imgui</Filter>
    </ClInclude>
    <ClInclude Include="imgui\imstb_textedit.h">
      <Filter>98.Default\Imgui</Filter>
    </ClInclude>
    <ClInclude Include="imgui\imstb_truetype.h">
      <Filter>98.Default\Imgui</Filter>
    </ClInclude>
    <ClInclude Include="imgui\dirent\dirent.h">
      <Filter>98.Default\Imgui</Filter>
    </ClInclude>
    <ClInclude Include="..\Public\Client_Struct.h">
      <Filter>99.Defines</Filter>
    </ClInclude>
    <ClInclude Include="..\Public\YGTool.h">
      <Filter>01.Levels\LevelYG\YG_Tool</Filter>
    </ClInclude>
    <ClInclude Include="..\Public\Level_CY.h">
      <Filter>01.Levels\LevelCY</Filter>
    </ClInclude>
    <ClInclude Include="..\Public\CYTool.h">
      <Filter>01.Levels\LevelCY\Tool</Filter>
    </ClInclude>
    <ClInclude Include="..\Public\Level_DH.h">
      <Filter>01.Levels\LevelDH</Filter>
    </ClInclude>
    <ClInclude Include="..\Public\DHTool.h">
      <Filter>01.Levels\LevelDH\Tool</Filter>
    </ClInclude>
    <ClInclude Include="..\Public\GLTool.h">
      <Filter>01.Levels\LevelGL\Tool</Filter>
    </ClInclude>
    <ClInclude Include="..\Public\Level_GL.h">
      <Filter>01.Levels\LevelGL</Filter>
    </ClInclude>
    <ClInclude Include="..\Public\Level_JW.h">
      <Filter>01.Levels\LevelJW</Filter>
    </ClInclude>
    <ClInclude Include="..\Public\YGObject.h">
      <Filter>02.GameObjects\08.TestObject</Filter>
    </ClInclude>
    <ClInclude Include="..\Public\MapTool.h">
      <Filter>01.Levels\LevelYW\YWTool\MapTool</Filter>
    </ClInclude>
    <ClInclude Include="..\Public\MapToolObject.h">
      <Filter>01.Levels\LevelYW\YWTool\MapTool\MapToolObject</Filter>
    </ClInclude>
    <ClInclude Include="..\Public\AnimTool.h">
      <Filter>01.Levels\LevelJW\Tool</Filter>
    </ClInclude>
    <ClInclude Include="..\Public\MySequence.h">
      <Filter>98.Default\Imgui</Filter>
    </ClInclude>
    <ClInclude Include="imgui\imnodes.h">
      <Filter>98.Default\Imgui</Filter>
    </ClInclude>
    <ClInclude Include="imgui\imnodes_internal.h">
      <Filter>98.Default\Imgui</Filter>
    </ClInclude>
    <ClInclude Include="imgui\ImSequencer.h">
      <Filter>98.Default\Imgui</Filter>
    </ClInclude>
    <ClInclude Include="..\Public\ToolParticle.h">
      <Filter>01.Levels\LevelCY\Tool\ToolParticle</Filter>
    </ClInclude>
    <ClInclude Include="..\Public\ToolSprite.h">
      <Filter>01.Levels\LevelCY\Tool\ToolSprite</Filter>
    </ClInclude>
    <ClInclude Include="..\Public\EffectSequence.h">
      <Filter>01.Levels\LevelCY\Tool\EffectSequence</Filter>
    </ClInclude>
    <ClInclude Include="..\public\Camera_Free.h">
      <Filter>02.GameObjects\02.Camera\00.Camara_Free</Filter>
    </ClInclude>
    <ClInclude Include="..\public\Camera_CutScene.h">
      <Filter>02.GameObjects\02.Camera\01.Camera_CutScene</Filter>
    </ClInclude>
    <ClInclude Include="..\public\Camera_Orbital.h">
      <Filter>02.GameObjects\02.Camera\02.Camera_Orbital</Filter>
    </ClInclude>
    <ClInclude Include="..\public\Camera_Manager.h">
      <Filter>02.GameObjects\02.Camera</Filter>
    </ClInclude>
    <ClInclude Include="..\public\EffectBase.h">
      <Filter>02.GameObjects\07.Effect</Filter>
    </ClInclude>
    <ClInclude Include="..\public\UI_Sequence.h">
      <Filter>01.Levels\LevelGL\UISequence</Filter>
    </ClInclude>
    <ClInclude Include="..\public\EventMag.h">
      <Filter>01.Levels\LevelJW\Tool</Filter>
    </ClInclude>
    <ClInclude Include="..\Public\YGCapsule.h">
      <Filter>02.GameObjects\08.TestObject</Filter>
    </ClInclude>
    <ClInclude Include="..\public\Static_UI.h">
      <Filter>02.GameObjects\99.UI\Static</Filter>
    </ClInclude>
    <ClInclude Include="..\public\StaticMesh.h">
      <Filter>02.GameObjects\00.StaticMesh</Filter>
    </ClInclude>
    <ClInclude Include="..\public\Dynamic_UI.h">
      <Filter>02.GameObjects\99.UI\Dynamic</Filter>
    </ClInclude>
    <ClInclude Include="..\Public\YGTriangleMesh.h">
      <Filter>02.GameObjects\08.TestObject</Filter>
    </ClInclude>
    <ClInclude Include="..\Public\YGConvexMesh.h">
      <Filter>02.GameObjects\08.TestObject</Filter>
    </ClInclude>
    <ClInclude Include="..\Public\YGBox.h">
      <Filter>02.GameObjects\08.TestObject</Filter>
    </ClInclude>
    <ClInclude Include="..\Public\YGShpere.h">
      <Filter>02.GameObjects\08.TestObject</Filter>
    </ClInclude>
    <ClInclude Include="..\public\UI_Feature.h">
      <Filter>02.GameObjects\99.UI\Dynamic\Feature</Filter>
    </ClInclude>
    <ClInclude Include="..\public\UI_Video.h">
      <Filter>02.GameObjects\99.UI\Video</Filter>
    </ClInclude>
    <ClInclude Include="..\Public\YGTrrigerWithoutModel.h">
      <Filter>02.GameObjects\08.TestObject</Filter>
    </ClInclude>
    <ClInclude Include="..\Public\Level_KratHotel.h">
      <Filter>01.Levels\1_Level_KratHotel</Filter>
    </ClInclude>
    <ClInclude Include="..\Public\Explosion.h">
      <Filter>02.GameObjects\07.Effect\Deprecated\Explosion</Filter>
    </ClInclude>
    <ClInclude Include="..\Public\SpriteEffect.h">
      <Filter>02.GameObjects\07.Effect\EffectContainer\Sprite</Filter>
    </ClInclude>
    <ClInclude Include="..\Public\Effect_Class.h">
      <Filter>02.GameObjects\07.Effect\Deprecated</Filter>
    </ClInclude>
    <ClInclude Include="..\public\UI_Feature_UV.h">
      <Filter>02.GameObjects\99.UI\Dynamic\Feature\UV</Filter>
    </ClInclude>
    <ClInclude Include="..\public\UI_Feature_Fade.h">
      <Filter>02.GameObjects\99.UI\Dynamic\Feature\Fade</Filter>
    </ClInclude>
    <ClInclude Include="..\public\UI_Feature_Position.h">
      <Filter>02.GameObjects\99.UI\Dynamic\Feature\Position</Filter>
    </ClInclude>
    <ClInclude Include="..\public\UI_Featrue_Scale.h">
      <Filter>02.GameObjects\99.UI\Dynamic\Feature\Scale</Filter>
    </ClInclude>
    <ClInclude Include="..\public\TestAnimObject.h">
      <Filter>02.GameObjects\08.TestObject</Filter>
    </ClInclude>
    <ClInclude Include="..\Public\YGFloor.h">
      <Filter>02.GameObjects\08.TestObject</Filter>
    </ClInclude>
    <ClInclude Include="..\public\PBRMesh.h">
      <Filter>02.GameObjects\00.StaticMesh</Filter>
    </ClInclude>
    <ClInclude Include="..\public\PreviewObject.h">
      <Filter>01.Levels\LevelYW\YWTool\MapTool\PreviewObject</Filter>
    </ClInclude>
    <ClInclude Include="..\public\UI_Bar_Loading.h">
      <Filter>02.GameObjects\99.UI\Dynamic\Bar\Loading</Filter>
    </ClInclude>
    <ClInclude Include="..\Public\YGDynamicGib.h">
      <Filter>02.GameObjects\08.TestObject</Filter>
    </ClInclude>
    <ClInclude Include="..\Public\Loader.h">
      <Filter>01.Levels\Loading\Loader</Filter>
    </ClInclude>
    <ClInclude Include="..\Public\YGDynamicObj.h">
      <Filter>02.GameObjects\08.TestObject</Filter>
    </ClInclude>
    <ClInclude Include="..\public\ParticleEffect.h">
      <Filter>02.GameObjects\07.Effect\EffectContainer\Particle</Filter>
    </ClInclude>
    <ClInclude Include="..\public\MeshEffect.h">
      <Filter>02.GameObjects\07.Effect\EffectContainer\Mesh</Filter>
    </ClInclude>
    <ClInclude Include="..\Public\Level_Logo.h">
      <Filter>01.Levels\Logo</Filter>
    </ClInclude>
    <ClInclude Include="..\Public\DH_ToolMesh.h">
      <Filter>01.Levels\LevelDH\Tool</Filter>
    </ClInclude>
    <ClInclude Include="..\public\StaticMesh_Instance.h">
      <Filter>02.GameObjects\00.StaticMesh\StaticMesh_Instance</Filter>
    </ClInclude>
    <ClInclude Include="..\public\UI_Button.h">
      <Filter>02.GameObjects\99.UI\Dynamic\Button</Filter>
    </ClInclude>
    <ClInclude Include="..\Public\ToolMeshEffect.h">
      <Filter>01.Levels\LevelCY\Tool\ToolMeshEffect</Filter>
    </ClInclude>
    <ClInclude Include="..\public\EffectContainer.h">
      <Filter>02.GameObjects\07.Effect\EffectContainer</Filter>
    </ClInclude>
    <ClInclude Include="..\public\UI_Text.h">
      <Filter>02.GameObjects\99.UI\Text</Filter>
    </ClInclude>
    <ClInclude Include="..\Public\YGController.h">
      <Filter>02.GameObjects\08.TestObject</Filter>
    </ClInclude>
    <ClInclude Include="..\Public\CameraSequence.h">
      <Filter>01.Levels\LevelYG\YG_Tool</Filter>
    </ClInclude>
    <ClInclude Include="..\Public\Client_Calculation.h">
      <Filter>99.Defines</Filter>
    </ClInclude>
    <ClInclude Include="..\Public\Client_Function.h">
      <Filter>99.Defines</Filter>
    </ClInclude>
    <ClInclude Include="..\Public\UI_Container.h">
      <Filter>02.GameObjects\99.UI\Container</Filter>
    </ClInclude>
    <ClInclude Include="..\Public\UI_Guide.h">
      <Filter>02.GameObjects\99.UI\Container\Guide</Filter>
    </ClInclude>
    <ClInclude Include="..\public\Unit.h">
      <Filter>02.GameObjects\01.Unit</Filter>
    </ClInclude>
    <ClInclude Include="..\public\Player.h">
      <Filter>02.GameObjects\01.Unit\00.Player</Filter>
    </ClInclude>
    <ClInclude Include="..\Public\Observer_Player_Status.h">
      <Filter>03. Observer\PlayerStatus</Filter>
    </ClInclude>
    <ClInclude Include="..\public\HP_Bar.h">
      <Filter>02.GameObjects\99.UI\Dynamic\Bar\HP</Filter>
    </ClInclude>
    <ClInclude Include="..\Public\PlayerState.h">
      <Filter>02.GameObjects\01.Unit\00.Player\PlayerBehavior</Filter>
    </ClInclude>
    <ClInclude Include="..\public\Mana_Bar.h">
      <Filter>02.GameObjects\99.UI\Dynamic\Bar\Mana</Filter>
    </ClInclude>
    <ClInclude Include="..\public\Stamina_Bar.h">
      <Filter>02.GameObjects\99.UI\Dynamic\Bar\Stamina</Filter>
    </ClInclude>
    <ClInclude Include="..\public\Icon_Weapon.h">
      <Filter>02.GameObjects\99.UI\Dynamic\Icon\Weapon</Filter>
    </ClInclude>
    <ClInclude Include="..\public\Item.h">
      <Filter>02.GameObjects\03. Item</Filter>
    </ClInclude>
    <ClInclude Include="..\public\Lamp.h">
      <Filter>02.GameObjects\03. Item\Lamp</Filter>
    </ClInclude>
    <ClInclude Include="..\public\Belt.h">
      <Filter>02.GameObjects\03. Item\Belt</Filter>
    </ClInclude>
    <ClInclude Include="..\public\Icon_Item.h">
      <Filter>02.GameObjects\99.UI\Dynamic\Icon\Item</Filter>
    </ClInclude>
    <ClInclude Include="..\public\Observer_Slot.h">
      <Filter>03. Observer\Slot</Filter>
    </ClInclude>
    <ClInclude Include="..\public\Panel_Player_LD.h">
      <Filter>02.GameObjects\99.UI\Container\Panel\Player\LD</Filter>
    </ClInclude>
    <ClInclude Include="..\public\Portion.h">
      <Filter>02.GameObjects\03. Item\Portion</Filter>
    </ClInclude>
    <ClInclude Include="..\public\Grinder.h">
      <Filter>02.GameObjects\03. Item\Grinder</Filter>
    </ClInclude>
    <ClInclude Include="..\public\Weapon.h">
      <Filter>02.GameObjects\03.Weapon</Filter>
    </ClInclude>
    <ClInclude Include="..\Public\Effect_Manager.h">
      <Filter>02.GameObjects\07.Effect\Manager</Filter>
    </ClInclude>
    <ClInclude Include="..\public\DecalTool.h">
      <Filter>01.Levels\LevelYW\YWTool\DecalTool</Filter>
    </ClInclude>
    <ClInclude Include="..\public\YWTool.h">
      <Filter>01.Levels\LevelYW\YWTool</Filter>
    </ClInclude>
    <ClInclude Include="..\Public\LockOn_Manager.h">
      <Filter>02.GameObjects\09.LockOn</Filter>
    </ClInclude>
    <ClInclude Include="..\public\Bayonet.h">
      <Filter>02.GameObjects\03.Weapon\00.Bayonet</Filter>
    </ClInclude>
    <ClInclude Include="..\public\DecalToolObject.h">
      <Filter>01.Levels\LevelYW\YWTool\DecalTool\DecalToolObject</Filter>
    </ClInclude>
    <ClInclude Include="..\public\Wego.h">
      <Filter>02.GameObjects\01.Unit\01.Npc</Filter>
    </ClInclude>
    <ClInclude Include="..\public\Observer_Weapon.h">
      <Filter>03. Observer\Weapon</Filter>
    </ClInclude>
    <ClInclude Include="..\public\Panel_Player_RD.h">
      <Filter>02.GameObjects\99.UI\Container\Panel\Player\RD</Filter>
    </ClInclude>
    <ClInclude Include="..\public\Durability_Bar.h">
      <Filter>02.GameObjects\99.UI\Dynamic\Bar\Durability</Filter>
    </ClInclude>
    <ClInclude Include="..\public\Egro_Bar.h">
      <Filter>02.GameObjects\99.UI\Dynamic\Bar\Egro</Filter>
    </ClInclude>
    <ClInclude Include="..\public\Panel_Player_RU.h">
      <Filter>02.GameObjects\99.UI\Container\Panel\Player\RU</Filter>
    </ClInclude>
    <ClInclude Include="..\public\Icon_LegionArm.h">
      <Filter>02.GameObjects\99.UI\Dynamic\Icon\LegionArm</Filter>
    </ClInclude>
    <ClInclude Include="..\public\Legion_Bar.h">
      <Filter>02.GameObjects\99.UI\Dynamic\Bar\Legion</Filter>
    </ClInclude>
    <ClInclude Include="..\public\Panel_Player_Arm.h">
      <Filter>02.GameObjects\99.UI\Container\Panel\Player\Arm</Filter>
    </ClInclude>
    <ClInclude Include="..\public\Monster_Test.h">
      <Filter>02.GameObjects\01.Unit\02. Monster\Test</Filter>
    </ClInclude>
    <ClInclude Include="..\Public\SwordTrailEffect.h">
      <Filter>02.GameObjects\07.Effect\EffectContainer\Trail</Filter>
    </ClInclude>
    <ClInclude Include="..\public\Monster_Base.h">
      <Filter>02.GameObjects\01.Unit\02. Monster\Base</Filter>
    </ClInclude>
    <ClInclude Include="..\public\Weapon_Monster.h">
      <Filter>02.GameObjects\03.Weapon\99. Monster</Filter>
    </ClInclude>
    <ClInclude Include="..\public\NavTool.h">
      <Filter>01.Levels\LevelYW\YWTool\NavTool</Filter>
    </ClInclude>
    <ClInclude Include="..\public\Nav.h">
      <Filter>02.GameObjects\10.Nav</Filter>
    </ClInclude>
    <ClInclude Include="..\public\Static_Decal.h">
      <Filter>02.GameObjects\11.Decal\Static_Decal</Filter>
    </ClInclude>
    <ClInclude Include="..\public\Decal.h" />
    <ClInclude Include="..\public\Fuoco.h">
      <Filter>02.GameObjects\01.Unit\02. Monster\Boss\Fuoco</Filter>
    </ClInclude>
    <ClInclude Include="..\public\UI_Feature_Click.h">
      <Filter>02.GameObjects\99.UI\Dynamic\Feature\Click</Filter>
    </ClInclude>
    <ClInclude Include="..\public\Buttler_Train.h">
      <Filter>02.GameObjects\01.Unit\02. Monster\Buttler\Train</Filter>
    </ClInclude>
    <ClInclude Include="..\public\Decal.h">
      <Filter>02.GameObjects\11.Decal</Filter>
    </ClInclude>
    <ClInclude Include="..\Public\ToolTrail.h">
      <Filter>01.Levels\LevelCY\Tool\ToolTrail%3f</Filter>
    </ClInclude>
    <ClInclude Include="..\public\UI_MonsterHP_Bar.h">
      <Filter>02.GameObjects\99.UI\World\MonsterHP</Filter>
    </ClInclude>
    <ClInclude Include="..\public\UI_LockOn_Icon.h">
      <Filter>02.GameObjects\99.UI\World\LockOn</Filter>
    </ClInclude>
    <ClInclude Include="..\public\EditorObjectFactory.h">
      <Filter>01.Levels\LevelJW\Tool</Filter>
    </ClInclude>
    <ClInclude Include="..\public\Elite_Police.h">
      <Filter>02.GameObjects\01.Unit\02. Monster\Police\Elite</Filter>
    </ClInclude>
    <ClInclude Include="..\Public\Projectile.h">
      <Filter>02.GameObjects\12.Projectile</Filter>
    </ClInclude>
    <ClInclude Include="..\Public\FireBall.h">
      <Filter>02.GameObjects\12.Projectile\Fuoco</Filter>
    </ClInclude>
    <ClInclude Include="..\public\Dynamic_Text_UI.h">
      <Filter>02.GameObjects\99.UI\Dynamic\Text</Filter>
    </ClInclude>
    <ClInclude Include="..\public\UI_Popup.h">
      <Filter>02.GameObjects\99.UI\Container\Popup</Filter>
    </ClInclude>
    <ClInclude Include="..\Public\DynamicMesh.h">
      <Filter>02.GameObjects\13. DynamicMesh</Filter>
    </ClInclude>
    <ClInclude Include="..\public\AStar_Manager.h">
      <Filter>02.GameObjects\14. AStar</Filter>
    </ClInclude>
    <ClInclude Include="..\Public\DoorMesh.h">
      <Filter>02.GameObjects\13. DynamicMesh\00.Door</Filter>
    </ClInclude>
    <ClInclude Include="..\public\LegionArm_Base.h">
      <Filter>02.GameObjects\01.Unit\00.Player\Arm\Base</Filter>
    </ClInclude>
    <ClInclude Include="..\Public\MonsterTool.h">
      <Filter>01.Levels\LevelYW\YWTool\MonsterTool</Filter>
    </ClInclude>
    <ClInclude Include="..\public\LegionArm_Steel.h">
      <Filter>02.GameObjects\01.Unit\00.Player\Arm\Steel</Filter>
    </ClInclude>
    <ClInclude Include="..\Public\TriggerBox.h">
      <Filter>02.GameObjects\15.StaticTrigger</Filter>
    </ClInclude>
    <ClInclude Include="..\Public\TriggerSound.h">
      <Filter>02.GameObjects\15.StaticTrigger</Filter>
    </ClInclude>
    <ClInclude Include="..\public\UI_Manager.h">
      <Filter>02.GameObjects\99.UI\Manager</Filter>
    </ClInclude>
    <ClInclude Include="..\Public\MonsterToolObject.h">
      <Filter>01.Levels\LevelYW\YWTool\MonsterTool\MonsterToolObject</Filter>
    </ClInclude>
    <ClInclude Include="..\Public\TriggerTalk.h">
      <Filter>02.GameObjects\15.StaticTrigger</Filter>
    </ClInclude>
    <ClInclude Include="..\public\UI_Script_Text.h">
      <Filter>02.GameObjects\99.UI\Container\Script\Text</Filter>
    </ClInclude>
    <ClInclude Include="..\public\UI_Script_Talk.h">
      <Filter>02.GameObjects\99.UI\Container\Script\Talk</Filter>
    </ClInclude>
    <ClInclude Include="..\public\PlayerFrontCollider.h">
      <Filter>02.GameObjects\01.Unit\00.Player\FrontCollider</Filter>
    </ClInclude>
    <ClInclude Include="..\Public\PlayerLamp.h">
      <Filter>02.GameObjects\01.Unit\00.Player\Lamp</Filter>
    </ClInclude>
    <ClInclude Include="..\Public\Oil.h">
      <Filter>02.GameObjects\12.Projectile\Fuoco</Filter>
    </ClInclude>
    <ClInclude Include="..\public\ActionType_Icon.h">
      <Filter>02.GameObjects\99.UI\Dynamic\Icon\ActionType</Filter>
    </ClInclude>
    <ClInclude Include="..\public\UI_SelectWeapon.h">
      <Filter>02.GameObjects\99.UI\Container\SelectWeapon</Filter>
    </ClInclude>
    <ClInclude Include="..\Public\FlameField.h">
      <Filter>02.GameObjects\01.Unit\02. Monster\Boss\Fuoco\Skill</Filter>
    </ClInclude>
    <ClInclude Include="..\Public\TriggerItem.h">
      <Filter>02.GameObjects\15.StaticTrigger\TriggerItem</Filter>
    </ClInclude>
    <ClInclude Include="..\Public\TriggerItemLamp.h">
      <Filter>02.GameObjects\15.StaticTrigger\TriggerItem</Filter>
    </ClInclude>
    <ClInclude Include="..\public\TriggerDropItem.h">
      <Filter>02.GameObjects\15.StaticTrigger\DropItem</Filter>
    </ClInclude>
    <ClInclude Include="..\public\UI_Pickup_Item.h">
      <Filter>02.GameObjects\99.UI\Container\Pickup\Item</Filter>
    </ClInclude>
    <ClInclude Include="..\Public\TriggerUI.h">
      <Filter>02.GameObjects\15.StaticTrigger\UI</Filter>
    </ClInclude>
    <ClInclude Include="..\public\Buttler_Basic.h">
      <Filter>02.GameObjects\01.Unit\02. Monster\Buttler\Basic</Filter>
    </ClInclude>
    <ClInclude Include="..\public\UI_Fatal_Icon.h">
      <Filter>02.GameObjects\99.UI\World\Fatal</Filter>
    </ClInclude>
    <ClInclude Include="..\public\EliteUnit.h">
      <Filter>02.GameObjects\01.Unit\02. Monster\Base</Filter>
    </ClInclude>
    <ClInclude Include="..\public\BossUnit.h">
      <Filter>02.GameObjects\01.Unit\02. Monster\Base</Filter>
    </ClInclude>
    <ClInclude Include="..\public\UI_Button_Script.h">
      <Filter>02.GameObjects\99.UI\Container\Button</Filter>
    </ClInclude>
    <ClInclude Include="..\public\UI_Feature_Rotation.h">
      <Filter>02.GameObjects\99.UI\Dynamic\Feature\Rotation</Filter>
    </ClInclude>
  </ItemGroup>
  <ItemGroup>
    <Image Include="Client.ico">
      <Filter>98.Default</Filter>
    </Image>
    <Image Include="small.ico">
      <Filter>98.Default</Filter>
    </Image>
  </ItemGroup>
  <ItemGroup>
    <ResourceCompile Include="Client.rc">
      <Filter>98.Default</Filter>
    </ResourceCompile>
  </ItemGroup>
  <ItemGroup>
    <ClCompile Include="Client.cpp">
      <Filter>98.Default</Filter>
    </ClCompile>
    <ClCompile Include="..\Private\Level_KratCentralStation.cpp">
      <Filter>01.Levels\0_Level_KratCentralStation</Filter>
    </ClCompile>
    <ClCompile Include="..\Private\Level_Loading.cpp">
      <Filter>01.Levels\Loading</Filter>
    </ClCompile>
    <ClCompile Include="..\Private\Loader.cpp">
      <Filter>01.Levels\Loading\Loader</Filter>
    </ClCompile>
    <ClCompile Include="..\Private\Level_Logo.cpp">
      <Filter>01.Levels\Logo</Filter>
    </ClCompile>
    <ClCompile Include="..\private\MainApp.cpp">
      <Filter>00.MainApp</Filter>
    </ClCompile>
    <ClCompile Include="..\Private\Sky.cpp">
      <Filter>02.GameObjects\06.Sky</Filter>
    </ClCompile>
    <ClCompile Include="..\Private\Level_YG.cpp">
      <Filter>01.Levels\LevelYG</Filter>
    </ClCompile>
    <ClCompile Include="..\Private\Level_YW.cpp">
      <Filter>01.Levels\LevelYW</Filter>
    </ClCompile>
    <ClCompile Include="imgui\backends\imgui_impl_win32.cpp">
      <Filter>98.Default\Imgui\Backend</Filter>
    </ClCompile>
    <ClCompile Include="imgui\backends\imgui_impl_dx11.cpp">
      <Filter>98.Default\Imgui\Backend</Filter>
    </ClCompile>
    <ClCompile Include="imgui\imgui.cpp">
      <Filter>98.Default\Imgui</Filter>
    </ClCompile>
    <ClCompile Include="imgui\imgui_demo.cpp">
      <Filter>98.Default\Imgui</Filter>
    </ClCompile>
    <ClCompile Include="imgui\imgui_draw.cpp">
      <Filter>98.Default\Imgui</Filter>
    </ClCompile>
    <ClCompile Include="imgui\imgui_tables.cpp">
      <Filter>98.Default\Imgui</Filter>
    </ClCompile>
    <ClCompile Include="imgui\imgui_widgets.cpp">
      <Filter>98.Default\Imgui</Filter>
    </ClCompile>
    <ClCompile Include="imgui\ImGuiFileDialog.cpp">
      <Filter>98.Default\Imgui</Filter>
    </ClCompile>
    <ClCompile Include="imgui\ImGuizmo.cpp">
      <Filter>98.Default\Imgui</Filter>
    </ClCompile>
    <ClCompile Include="..\Private\YGTool.cpp">
      <Filter>01.Levels\LevelYG\YG_Tool</Filter>
    </ClCompile>
    <ClCompile Include="..\Private\Level_CY.cpp">
      <Filter>01.Levels\LevelCY</Filter>
    </ClCompile>
    <ClCompile Include="..\Private\CYTool.cpp">
      <Filter>01.Levels\LevelCY\Tool</Filter>
    </ClCompile>
    <ClCompile Include="..\Private\Level_DH.cpp">
      <Filter>01.Levels\LevelDH</Filter>
    </ClCompile>
    <ClCompile Include="..\Private\DHTool.cpp">
      <Filter>01.Levels\LevelDH\Tool</Filter>
    </ClCompile>
    <ClCompile Include="..\Private\GLTool.cpp">
      <Filter>01.Levels\LevelGL\Tool</Filter>
    </ClCompile>
    <ClCompile Include="..\Private\Level_GL.cpp">
      <Filter>01.Levels\LevelGL</Filter>
    </ClCompile>
    <ClCompile Include="..\Private\Level_JW.cpp">
      <Filter>01.Levels\LevelJW</Filter>
    </ClCompile>
    <ClCompile Include="..\Private\YGObject.cpp">
      <Filter>02.GameObjects\08.TestObject</Filter>
    </ClCompile>
    <ClCompile Include="..\Private\MapTool.cpp">
      <Filter>01.Levels\LevelYW\YWTool\MapTool</Filter>
    </ClCompile>
    <ClCompile Include="..\Private\MapToolObject.cpp">
      <Filter>01.Levels\LevelYW\YWTool\MapTool\MapToolObject</Filter>
    </ClCompile>
    <ClCompile Include="..\Private\AnimTool.cpp">
      <Filter>01.Levels\LevelJW\Tool</Filter>
    </ClCompile>
    <ClCompile Include="imgui\imnodes.cpp">
      <Filter>98.Default\Imgui</Filter>
    </ClCompile>
    <ClCompile Include="imgui\ImSequencer.cpp">
      <Filter>98.Default\Imgui</Filter>
    </ClCompile>
    <ClCompile Include="..\Private\MySequence.cpp">
      <Filter>98.Default\Imgui</Filter>
    </ClCompile>
    <ClCompile Include="..\Private\ToolParticle.cpp">
      <Filter>01.Levels\LevelCY\Tool\ToolParticle</Filter>
    </ClCompile>
    <ClCompile Include="..\Private\ToolSprite.cpp">
      <Filter>01.Levels\LevelCY\Tool\ToolSprite</Filter>
    </ClCompile>
    <ClCompile Include="..\Private\EffectSequence.cpp">
      <Filter>01.Levels\LevelCY\Tool\EffectSequence</Filter>
    </ClCompile>
    <ClCompile Include="..\private\Camera_Free.cpp">
      <Filter>02.GameObjects\02.Camera\00.Camara_Free</Filter>
    </ClCompile>
    <ClCompile Include="..\private\Camera_CutScene.cpp">
      <Filter>02.GameObjects\02.Camera\01.Camera_CutScene</Filter>
    </ClCompile>
    <ClCompile Include="..\private\Camera_Orbital.cpp">
      <Filter>02.GameObjects\02.Camera\02.Camera_Orbital</Filter>
    </ClCompile>
    <ClCompile Include="..\private\Camera_Manager.cpp">
      <Filter>02.GameObjects\02.Camera</Filter>
    </ClCompile>
    <ClCompile Include="..\private\EffectBase.cpp">
      <Filter>02.GameObjects\07.Effect</Filter>
    </ClCompile>
    <ClCompile Include="..\private\UI_Sequence.cpp">
      <Filter>01.Levels\LevelGL\UISequence</Filter>
    </ClCompile>
    <ClCompile Include="..\private\EventMag.cpp">
      <Filter>01.Levels\LevelJW\Tool</Filter>
    </ClCompile>
    <ClCompile Include="..\Private\YGCapsule.cpp">
      <Filter>02.GameObjects\08.TestObject</Filter>
    </ClCompile>
    <ClCompile Include="..\private\Static_UI.cpp">
      <Filter>02.GameObjects\99.UI\Static</Filter>
    </ClCompile>
    <ClCompile Include="..\private\Dynamic_UI.cpp">
      <Filter>02.GameObjects\99.UI\Dynamic</Filter>
    </ClCompile>
    <ClCompile Include="..\Private\YGTriangleMesh.cpp">
      <Filter>02.GameObjects\08.TestObject</Filter>
    </ClCompile>
    <ClCompile Include="..\Private\YGConvexMesh.cpp">
      <Filter>02.GameObjects\08.TestObject</Filter>
    </ClCompile>
    <ClCompile Include="..\Private\YGBox.cpp">
      <Filter>02.GameObjects\08.TestObject</Filter>
    </ClCompile>
    <ClCompile Include="..\Private\YGShpere.cpp">
      <Filter>02.GameObjects\08.TestObject</Filter>
    </ClCompile>
    <ClCompile Include="..\private\UI_Feature.cpp">
      <Filter>02.GameObjects\99.UI\Dynamic\Feature</Filter>
    </ClCompile>
    <ClCompile Include="..\private\UI_Video.cpp">
      <Filter>02.GameObjects\99.UI\Video</Filter>
    </ClCompile>
    <ClCompile Include="..\Private\YGTriggerWithoutModel.cpp">
      <Filter>02.GameObjects\08.TestObject</Filter>
    </ClCompile>
    <ClCompile Include="..\Private\Level_KratHotel.cpp">
      <Filter>01.Levels\1_Level_KratHotel</Filter>
    </ClCompile>
    <ClCompile Include="..\Private\Explosion.cpp">
      <Filter>02.GameObjects\07.Effect\Deprecated\Explosion</Filter>
    </ClCompile>
    <ClCompile Include="..\Private\SpriteEffect.cpp">
      <Filter>02.GameObjects\07.Effect\EffectContainer\Sprite</Filter>
    </ClCompile>
    <ClCompile Include="..\Private\Effect_Class.cpp">
      <Filter>02.GameObjects\07.Effect\Deprecated</Filter>
    </ClCompile>
    <ClCompile Include="..\private\UI_Feature_UV.cpp">
      <Filter>02.GameObjects\99.UI\Dynamic\Feature\UV</Filter>
    </ClCompile>
    <ClCompile Include="..\private\UI_Feature_Fade.cpp">
      <Filter>02.GameObjects\99.UI\Dynamic\Feature\Fade</Filter>
    </ClCompile>
    <ClCompile Include="..\private\UI_Featrue_Scale.cpp">
      <Filter>02.GameObjects\99.UI\Dynamic\Feature\Scale</Filter>
    </ClCompile>
    <ClCompile Include="..\private\TestAnimObject.cpp">
      <Filter>02.GameObjects\08.TestObject</Filter>
    </ClCompile>
    <ClCompile Include="..\Private\YGFloor.cpp">
      <Filter>02.GameObjects\08.TestObject</Filter>
    </ClCompile>
    <ClCompile Include="..\private\PBRMesh.cpp">
      <Filter>02.GameObjects\00.StaticMesh</Filter>
    </ClCompile>
    <ClCompile Include="..\private\PreviewObject.cpp">
      <Filter>01.Levels\LevelYW\YWTool\MapTool\PreviewObject</Filter>
    </ClCompile>
    <ClCompile Include="..\private\UI_Bar_Loading.cpp">
      <Filter>02.GameObjects\99.UI\Dynamic\Bar\Loading</Filter>
    </ClCompile>
    <ClCompile Include="..\Private\YGDynamicGib.cpp">
      <Filter>02.GameObjects\08.TestObject</Filter>
    </ClCompile>
    <ClCompile Include="..\Private\YGDynamicObj.cpp">
      <Filter>02.GameObjects\08.TestObject</Filter>
    </ClCompile>
    <ClCompile Include="..\private\ParticleEffect.cpp">
      <Filter>02.GameObjects\07.Effect\EffectContainer\Particle</Filter>
    </ClCompile>
    <ClCompile Include="..\private\MeshEffect.cpp">
      <Filter>02.GameObjects\07.Effect\EffectContainer\Mesh</Filter>
    </ClCompile>
    <ClCompile Include="..\Private\DH_ToolMesh.cpp">
      <Filter>01.Levels\LevelDH\Tool</Filter>
    </ClCompile>
    <ClCompile Include="..\private\StaticMesh_Instance.cpp">
      <Filter>02.GameObjects\00.StaticMesh\StaticMesh_Instance</Filter>
    </ClCompile>
    <ClCompile Include="..\private\UI_Button.cpp">
      <Filter>02.GameObjects\99.UI\Dynamic\Button</Filter>
    </ClCompile>
    <ClCompile Include="..\Private\ToolMeshEffect.cpp">
      <Filter>01.Levels\LevelCY\Tool\ToolMeshEffect</Filter>
    </ClCompile>
    <ClCompile Include="..\private\EffectContainer.cpp">
      <Filter>02.GameObjects\07.Effect\EffectContainer</Filter>
    </ClCompile>
    <ClCompile Include="..\private\UI_Text.cpp">
      <Filter>02.GameObjects\99.UI\Text</Filter>
    </ClCompile>
    <ClCompile Include="..\Private\YGController.cpp">
      <Filter>02.GameObjects\08.TestObject</Filter>
    </ClCompile>
    <ClCompile Include="..\Private\CameraSequence.cpp">
      <Filter>01.Levels\LevelYG\YG_Tool</Filter>
    </ClCompile>
    <ClCompile Include="..\Private\UI_Feature_Position.cpp">
      <Filter>02.GameObjects\99.UI\Dynamic\Feature\Position</Filter>
    </ClCompile>
    <ClCompile Include="..\Private\UI_Container.cpp">
      <Filter>02.GameObjects\99.UI\Container</Filter>
    </ClCompile>
    <ClCompile Include="..\Private\UI_Guide.cpp">
      <Filter>02.GameObjects\99.UI\Container\Guide</Filter>
    </ClCompile>
    <ClCompile Include="..\private\Unit.cpp">
      <Filter>02.GameObjects\01.Unit</Filter>
    </ClCompile>
    <ClCompile Include="..\private\Player.cpp">
      <Filter>02.GameObjects\01.Unit\00.Player</Filter>
    </ClCompile>
    <ClCompile Include="..\Private\Observer_Player_Status.cpp">
      <Filter>03. Observer\PlayerStatus</Filter>
    </ClCompile>
    <ClCompile Include="..\private\HP_Bar.cpp">
      <Filter>02.GameObjects\99.UI\Dynamic\Bar\HP</Filter>
    </ClCompile>
    <ClCompile Include="..\private\Mana_Bar.cpp">
      <Filter>02.GameObjects\99.UI\Dynamic\Bar\Mana</Filter>
    </ClCompile>
    <ClCompile Include="..\private\Stamina_Bar.cpp">
      <Filter>02.GameObjects\99.UI\Dynamic\Bar\Stamina</Filter>
    </ClCompile>
    <ClCompile Include="..\private\Icon_Weapon.cpp">
      <Filter>02.GameObjects\99.UI\Dynamic\Icon\Weapon</Filter>
    </ClCompile>
    <ClCompile Include="..\private\Lamp.cpp">
      <Filter>02.GameObjects\03. Item\Lamp</Filter>
    </ClCompile>
    <ClCompile Include="..\private\Belt.cpp">
      <Filter>02.GameObjects\03. Item\Belt</Filter>
    </ClCompile>
    <ClCompile Include="..\private\Icon_Item.cpp">
      <Filter>02.GameObjects\99.UI\Dynamic\Icon\Item</Filter>
    </ClCompile>
    <ClCompile Include="..\private\Observer_Slot.cpp">
      <Filter>03. Observer\Slot</Filter>
    </ClCompile>
    <ClCompile Include="..\private\Panel_Player_LD.cpp">
      <Filter>02.GameObjects\99.UI\Container\Panel\Player\LD</Filter>
    </ClCompile>
    <ClCompile Include="..\private\Portion.cpp">
      <Filter>02.GameObjects\03. Item\Portion</Filter>
    </ClCompile>
    <ClCompile Include="..\private\Grinder.cpp">
      <Filter>02.GameObjects\03. Item\Grinder</Filter>
    </ClCompile>
    <ClCompile Include="..\private\Item.cpp">
      <Filter>02.GameObjects\03. Item</Filter>
    </ClCompile>
    <ClCompile Include="..\private\Weapon.cpp">
      <Filter>02.GameObjects\03.Weapon</Filter>
    </ClCompile>
    <ClCompile Include="..\Private\Effect_Manager.cpp">
      <Filter>02.GameObjects\07.Effect\Manager</Filter>
    </ClCompile>
    <ClCompile Include="..\private\DecalTool.cpp">
      <Filter>01.Levels\LevelYW\YWTool\DecalTool</Filter>
    </ClCompile>
    <ClCompile Include="..\private\YWTool.cpp">
      <Filter>01.Levels\LevelYW\YWTool</Filter>
    </ClCompile>
    <ClCompile Include="..\Private\LockOn_Manager.cpp">
      <Filter>02.GameObjects\09.LockOn</Filter>
    </ClCompile>
    <ClCompile Include="..\private\Bayonet.cpp">
      <Filter>02.GameObjects\03.Weapon\00.Bayonet</Filter>
    </ClCompile>
    <ClCompile Include="..\private\DecalToolObject.cpp">
      <Filter>01.Levels\LevelYW\YWTool\DecalTool\DecalToolObject</Filter>
    </ClCompile>
    <ClCompile Include="..\private\Wego.cpp">
      <Filter>02.GameObjects\01.Unit\01.Npc</Filter>
    </ClCompile>
    <ClCompile Include="..\private\Observer_Weapon.cpp">
      <Filter>03. Observer\Weapon</Filter>
    </ClCompile>
    <ClCompile Include="..\private\Panel_Player_RD.cpp">
      <Filter>02.GameObjects\99.UI\Container\Panel\Player\RD</Filter>
    </ClCompile>
    <ClCompile Include="..\private\Durability_Bar.cpp">
      <Filter>02.GameObjects\99.UI\Dynamic\Bar\Durability</Filter>
    </ClCompile>
    <ClCompile Include="..\private\Egro_Bar.cpp">
      <Filter>02.GameObjects\99.UI\Dynamic\Bar\Egro</Filter>
    </ClCompile>
    <ClCompile Include="..\private\Panel_Player_RU.cpp">
      <Filter>02.GameObjects\99.UI\Container\Panel\Player\RU</Filter>
    </ClCompile>
    <ClCompile Include="..\private\Icon_LegionArm.cpp">
      <Filter>02.GameObjects\99.UI\Dynamic\Icon\LegionArm</Filter>
    </ClCompile>
    <ClCompile Include="..\private\Legion_Bar.cpp">
      <Filter>02.GameObjects\99.UI\Dynamic\Bar\Legion</Filter>
    </ClCompile>
    <ClCompile Include="..\private\Panel_Player_Arm.cpp">
      <Filter>02.GameObjects\99.UI\Container\Panel\Player\Arm</Filter>
    </ClCompile>
    <ClCompile Include="..\private\Monster_Test.cpp">
      <Filter>02.GameObjects\01.Unit\02. Monster\Test</Filter>
    </ClCompile>
    <ClCompile Include="..\Private\SwordTrailEffect.cpp">
      <Filter>02.GameObjects\07.Effect\EffectContainer\Trail</Filter>
    </ClCompile>
    <ClCompile Include="..\private\Monster_Base.cpp">
      <Filter>02.GameObjects\01.Unit\02. Monster\Base</Filter>
    </ClCompile>
    <ClCompile Include="..\private\NavTool.cpp">
      <Filter>01.Levels\LevelYW\YWTool\NavTool</Filter>
    </ClCompile>
    <ClCompile Include="..\private\Nav.cpp">
      <Filter>02.GameObjects\10.Nav</Filter>
    </ClCompile>
    <ClCompile Include="..\private\Decal.cpp" />
    <ClCompile Include="..\private\Fuoco.cpp">
      <Filter>02.GameObjects\01.Unit\02. Monster\Boss\Fuoco</Filter>
    </ClCompile>
    <ClCompile Include="..\private\Decal.cpp">
      <Filter>02.GameObjects\11.Decal</Filter>
    </ClCompile>
    <ClCompile Include="..\private\Static_Decal.cpp">
      <Filter>02.GameObjects\11.Decal\Static_Decal</Filter>
    </ClCompile>
    <ClCompile Include="..\private\UI_Feature_Click.cpp">
      <Filter>02.GameObjects\99.UI\Dynamic\Feature\Click</Filter>
    </ClCompile>
    <ClCompile Include="..\private\Buttler_Train.cpp">
      <Filter>02.GameObjects\01.Unit\02. Monster\Buttler\Train</Filter>
    </ClCompile>
    <ClCompile Include="..\Private\ToolTrail.cpp">
      <Filter>01.Levels\LevelCY\Tool\ToolTrail%3f</Filter>
    </ClCompile>
    <ClCompile Include="..\private\UI_MonsterHP_Bar.cpp">
      <Filter>02.GameObjects\99.UI\World\MonsterHP</Filter>
    </ClCompile>
    <ClCompile Include="..\private\UI_LockOn_Icon.cpp">
      <Filter>02.GameObjects\99.UI\World\LockOn</Filter>
    </ClCompile>
    <ClCompile Include="..\private\EditorObjectFactory.cpp">
      <Filter>01.Levels\LevelJW\Tool</Filter>
    </ClCompile>
    <ClCompile Include="..\private\Elite_Police.cpp">
      <Filter>02.GameObjects\01.Unit\02. Monster\Police\Elite</Filter>
    </ClCompile>
    <ClCompile Include="..\Private\Projectile.cpp">
      <Filter>02.GameObjects\12.Projectile</Filter>
    </ClCompile>
    <ClCompile Include="..\Private\FireBall.cpp">
      <Filter>02.GameObjects\12.Projectile\Fuoco</Filter>
    </ClCompile>
    <ClCompile Include="..\private\Dynamic_Text_UI.cpp">
      <Filter>02.GameObjects\99.UI\Dynamic\Text</Filter>
    </ClCompile>
    <ClCompile Include="..\private\UI_Popup.cpp">
      <Filter>02.GameObjects\99.UI\Container\Popup</Filter>
    </ClCompile>
    <ClCompile Include="..\Private\DynamicMesh.cpp">
      <Filter>02.GameObjects\13. DynamicMesh</Filter>
    </ClCompile>
    <ClCompile Include="..\private\AStar_Manager.cpp">
      <Filter>02.GameObjects\14. AStar</Filter>
    </ClCompile>
    <ClCompile Include="..\Private\DoorMesh.cpp">
      <Filter>02.GameObjects\13. DynamicMesh\00.Door</Filter>
    </ClCompile>
    <ClCompile Include="..\private\LegionArm_Base.cpp">
      <Filter>02.GameObjects\01.Unit\00.Player\Arm\Base</Filter>
    </ClCompile>
    <ClCompile Include="..\Private\MonsterTool.cpp">
      <Filter>01.Levels\LevelYW\YWTool\MonsterTool</Filter>
    </ClCompile>
    <ClCompile Include="..\private\LegionArm_Steel.cpp">
      <Filter>02.GameObjects\01.Unit\00.Player\Arm\Steel</Filter>
    </ClCompile>
    <ClCompile Include="..\Private\StaticMesh.cpp">
      <Filter>02.GameObjects\00.StaticMesh</Filter>
    </ClCompile>
    <ClCompile Include="..\Private\TriggerBox.cpp">
      <Filter>02.GameObjects\15.StaticTrigger</Filter>
    </ClCompile>
    <ClCompile Include="..\Private\TriggerSound.cpp">
      <Filter>02.GameObjects\15.StaticTrigger</Filter>
    </ClCompile>
    <ClCompile Include="..\private\UI_Manager.cpp">
      <Filter>02.GameObjects\99.UI\Manager</Filter>
    </ClCompile>
    <ClCompile Include="..\Private\MonsterToolObject.cpp">
      <Filter>01.Levels\LevelYW\YWTool\MonsterTool\MonsterToolObject</Filter>
    </ClCompile>
    <ClCompile Include="..\Private\TriggerTalk.cpp">
      <Filter>02.GameObjects\15.StaticTrigger</Filter>
    </ClCompile>
    <ClCompile Include="..\private\UI_Script_Text.cpp">
      <Filter>02.GameObjects\99.UI\Container\Script\Text</Filter>
    </ClCompile>
    <ClCompile Include="..\private\UI_Script_Talk.cpp">
      <Filter>02.GameObjects\99.UI\Container\Script\Talk</Filter>
    </ClCompile>
    <ClCompile Include="..\private\PlayerFrontCollider.cpp">
      <Filter>02.GameObjects\01.Unit\00.Player\FrontCollider</Filter>
    </ClCompile>
    <ClCompile Include="..\private\PlayerLamp.cpp">
      <Filter>02.GameObjects\01.Unit\00.Player\Lamp</Filter>
    </ClCompile>
    <ClCompile Include="..\Private\Oil.cpp">
      <Filter>02.GameObjects\12.Projectile\Fuoco</Filter>
    </ClCompile>
    <ClCompile Include="..\private\ActionType_Icon.cpp">
      <Filter>02.GameObjects\99.UI\Dynamic\Icon\ActionType</Filter>
    </ClCompile>
    <ClCompile Include="..\private\UI_SelectWeapon.cpp">
      <Filter>02.GameObjects\99.UI\Container\SelectWeapon</Filter>
    </ClCompile>
    <ClCompile Include="..\Private\FlameField.cpp">
      <Filter>02.GameObjects\01.Unit\02. Monster\Boss\Fuoco\Skill</Filter>
    </ClCompile>
    <ClCompile Include="..\Private\TriggerItem.cpp">
      <Filter>02.GameObjects\15.StaticTrigger\TriggerItem</Filter>
    </ClCompile>
    <ClCompile Include="..\Private\TriggerItemLamp.cpp">
      <Filter>02.GameObjects\15.StaticTrigger\TriggerItem</Filter>
    </ClCompile>
    <ClCompile Include="..\private\TriggerDropItem.cpp">
      <Filter>02.GameObjects\15.StaticTrigger\DropItem</Filter>
    </ClCompile>
    <ClCompile Include="..\private\UI_Pickup_Item.cpp">
      <Filter>02.GameObjects\99.UI\Container\Pickup\Item</Filter>
    </ClCompile>
    <ClCompile Include="..\Private\TriggerUI.cpp">
      <Filter>02.GameObjects\15.StaticTrigger\UI</Filter>
    </ClCompile>
    <ClCompile Include="..\private\Buttler_Basic.cpp">
      <Filter>02.GameObjects\01.Unit\02. Monster\Buttler\Basic</Filter>
    </ClCompile>
    <ClCompile Include="..\private\UI_Fatal_Icon.cpp">
      <Filter>02.GameObjects\99.UI\World\Fatal</Filter>
    </ClCompile>
    <ClCompile Include="..\private\Weapon_Monster.cpp">
      <Filter>02.GameObjects\03.Weapon\99. Monster</Filter>
    </ClCompile>
    <ClCompile Include="..\private\EliteUnit.cpp">
      <Filter>02.GameObjects\01.Unit\02. Monster\Base</Filter>
    </ClCompile>
    <ClCompile Include="..\private\BossUnit.cpp">
      <Filter>02.GameObjects\01.Unit\02. Monster\Base</Filter>
    </ClCompile>
    <ClCompile Include="..\private\UI_Button_Script.cpp">
      <Filter>02.GameObjects\99.UI\Container\Button</Filter>
    </ClCompile>
    <ClCompile Include="..\private\UI_Feature_Rotation.cpp">
      <Filter>02.GameObjects\99.UI\Dynamic\Feature\Rotation</Filter>
    </ClCompile>
  </ItemGroup>
  <ItemGroup>
    <FxCompile Include="..\Bin\ShaderFiles\Shader_VtxPosTex.hlsl">
      <Filter>97.ShaderFiles</Filter>
    </FxCompile>
    <FxCompile Include="..\Bin\ShaderFiles\Shader_VtxNorTex.hlsl">
      <Filter>97.ShaderFiles</Filter>
    </FxCompile>
    <FxCompile Include="..\Bin\ShaderFiles\Shader_VtxMesh.hlsl">
      <Filter>97.ShaderFiles</Filter>
    </FxCompile>
    <FxCompile Include="..\Bin\ShaderFiles\Shader_VtxAnimMesh.hlsl">
      <Filter>97.ShaderFiles</Filter>
    </FxCompile>
    <FxCompile Include="..\Bin\ShaderFiles\Shader_VtxCube.hlsl">
      <Filter>97.ShaderFiles</Filter>
    </FxCompile>
    <FxCompile Include="..\Bin\ShaderFiles\Shader_VtxRectInstance.hlsl">
      <Filter>97.ShaderFiles</Filter>
    </FxCompile>
    <FxCompile Include="..\Bin\ShaderFiles\Shader_VtxPosInstance.hlsl">
      <Filter>97.ShaderFiles</Filter>
    </FxCompile>
    <FxCompile Include="..\Bin\ShaderFiles\Shader_UI.hlsl">
      <Filter>97.ShaderFiles</Filter>
    </FxCompile>
    <FxCompile Include="..\Bin\ShaderFiles\Shader_DynamicUI.hlsl">
      <Filter>97.ShaderFiles</Filter>
    </FxCompile>
    <FxCompile Include="..\Bin\ShaderFiles\Shader_VtxPBRMesh.hlsl">
      <Filter>97.ShaderFiles</Filter>
    </FxCompile>
    <FxCompile Include="..\Bin\ShaderFiles\Shader_SpriteEffect.hlsl">
      <Filter>97.ShaderFiles\Effect</Filter>
    </FxCompile>
    <FxCompile Include="..\Bin\ShaderFiles\Shader_MeshEffect.hlsl">
      <Filter>97.ShaderFiles\Effect</Filter>
    </FxCompile>
    <FxCompile Include="..\Bin\ShaderFiles\Shader_ParticleEffect.hlsl">
      <Filter>97.ShaderFiles\Effect</Filter>
    </FxCompile>
    <FxCompile Include="..\Bin\ShaderFiles\Shader_Decal.hlsl">
      <Filter>97.ShaderFiles</Filter>
    </FxCompile>
    <FxCompile Include="..\Bin\ShaderFiles\Shader_TrailEffect.hlsl">
      <Filter>97.ShaderFiles\Effect</Filter>
    </FxCompile>
  </ItemGroup>
  <ItemGroup>
    <None Include="..\Bin\ShaderFiles\Effect_Shader_Defines.hlsli">
      <Filter>97.ShaderFiles\Effect</Filter>
    </None>
    <FxCompile Include="..\Bin\ShaderFiles\Shader_VtxMesh_Instance.hlsl">
      <Filter>97.ShaderFiles</Filter>
    </FxCompile>
  </ItemGroup>
</Project>