<?xml version="1.0" encoding="utf-8"?>
<Project ToolsVersion="4.0" xmlns="http://schemas.microsoft.com/developer/msbuild/2003">
  <ItemGroup>
    <Filter Include="98.Default">
      <UniqueIdentifier>{e4b14c11-52df-475b-b837-3a232685c010}</UniqueIdentifier>
    </Filter>
    <Filter Include="99.Defines">
      <UniqueIdentifier>{72444e1a-0502-4c74-8392-c8e6a1e89ed0}</UniqueIdentifier>
    </Filter>
    <Filter Include="00.MainApp">
      <UniqueIdentifier>{ffac1f7d-cb22-4ce8-a7fd-43cfb62fb4db}</UniqueIdentifier>
    </Filter>
    <Filter Include="97.ShaderFiles">
      <UniqueIdentifier>{d3e6ac29-52aa-40a2-9d7d-35700ad7da3f}</UniqueIdentifier>
    </Filter>
    <Filter Include="01.Levels">
      <UniqueIdentifier>{3b3aeff7-5170-4d23-a6bc-ca661d804d84}</UniqueIdentifier>
    </Filter>
    <Filter Include="01.Levels\Logo">
      <UniqueIdentifier>{fc8ef11a-d4da-4fb2-acd6-da87cf54da78}</UniqueIdentifier>
    </Filter>
    <Filter Include="01.Levels\Loading">
      <UniqueIdentifier>{d77e9a5c-f9dd-469f-9e4a-e102f2dc83a4}</UniqueIdentifier>
    </Filter>
    <Filter Include="01.Levels\Loading\Loader">
      <UniqueIdentifier>{09b33f93-851a-4e38-8e8a-83626e4878cb}</UniqueIdentifier>
    </Filter>
    <Filter Include="01.Levels\GamePlay">
      <UniqueIdentifier>{a3f64273-696d-4106-b58f-efef5e5d53fe}</UniqueIdentifier>
    </Filter>
    <Filter Include="02.GameObjects">
      <UniqueIdentifier>{db82fc83-d01c-41cf-8115-cfc65328ad5c}</UniqueIdentifier>
    </Filter>
    <Filter Include="02.GameObjects\00.BackGround">
      <UniqueIdentifier>{2a95d670-b78b-4365-888f-45a6815fed54}</UniqueIdentifier>
    </Filter>
    <Filter Include="02.GameObjects\02.Camera">
      <UniqueIdentifier>{563801dd-18f2-42c6-8c0f-279f233bf0b8}</UniqueIdentifier>
    </Filter>
    <Filter Include="02.GameObjects\06.Sky">
      <UniqueIdentifier>{b7d9deac-92ec-449f-b2e4-f965650e17d5}</UniqueIdentifier>
    </Filter>
    <Filter Include="02.GameObjects\07.Effect">
      <UniqueIdentifier>{190fe5b3-e648-4e0a-9311-8c2b7952c9a9}</UniqueIdentifier>
    </Filter>
    <Filter Include="02.GameObjects\07.Effect\Particle">
      <UniqueIdentifier>{f599145a-12a8-43d0-ae4d-4d668c51ed6c}</UniqueIdentifier>
    </Filter>
    <Filter Include="02.GameObjects\07.Effect\Sprite">
      <UniqueIdentifier>{34236fea-d1bc-453f-8d9a-5b085ca428d9}</UniqueIdentifier>
    </Filter>
    <Filter Include="02.GameObjects\07.Effect\Particle\Explosion">
      <UniqueIdentifier>{bc5eb1b7-60bc-4699-a4fe-4b7b555d9aad}</UniqueIdentifier>
    </Filter>
    <Filter Include="01.Levels\LevelJW">
      <UniqueIdentifier>{f50dac70-8439-4d7a-b261-1f7f0d22ce06}</UniqueIdentifier>
    </Filter>
    <Filter Include="01.Levels\LevelYW">
      <UniqueIdentifier>{3ea8d6bb-9b36-4697-963b-edcc71ec0e4d}</UniqueIdentifier>
    </Filter>
    <Filter Include="01.Levels\LevelDH">
      <UniqueIdentifier>{14f01e87-c3e2-4c4b-bc02-7a8eca0f6f93}</UniqueIdentifier>
    </Filter>
    <Filter Include="01.Levels\LevelCY">
      <UniqueIdentifier>{fe0db61e-17b3-4a02-b250-2ba12840b64c}</UniqueIdentifier>
    </Filter>
    <Filter Include="01.Levels\LevelYG">
      <UniqueIdentifier>{85c5eeba-3847-41ce-afd0-b98471da8b71}</UniqueIdentifier>
    </Filter>
    <Filter Include="01.Levels\LevelGL">
      <UniqueIdentifier>{114caee8-9a92-40b8-9edf-32778d06ccda}</UniqueIdentifier>
    </Filter>
  </ItemGroup>
  <ItemGroup>
    <ClInclude Include="Client.h">
      <Filter>98.Default</Filter>
    </ClInclude>
    <ClInclude Include="framework.h">
      <Filter>98.Default</Filter>
    </ClInclude>
    <ClInclude Include="Resource.h">
      <Filter>98.Default</Filter>
    </ClInclude>
    <ClInclude Include="targetver.h">
      <Filter>98.Default</Filter>
    </ClInclude>
    <ClInclude Include="..\Public\Client_Defines.h">
      <Filter>99.Defines</Filter>
    </ClInclude>
    <ClInclude Include="..\Public\Client_Enum.h">
      <Filter>99.Defines</Filter>
    </ClInclude>
    <ClInclude Include="..\Public\Level_GamePlay.h">
      <Filter>01.Levels\GamePlay</Filter>
    </ClInclude>
    <ClInclude Include="..\Public\Level_Loading.h">
      <Filter>01.Levels\Loading</Filter>
    </ClInclude>
    <ClInclude Include="..\Public\Loader.h">
      <Filter>01.Levels\Loading\Loader</Filter>
    </ClInclude>
    <ClInclude Include="..\Public\Level_Logo.h">
      <Filter>01.Levels\Logo</Filter>
    </ClInclude>
    <ClInclude Include="..\public\MainApp.h">
      <Filter>00.MainApp</Filter>
    </ClInclude>
    <ClInclude Include="..\public\BackGround.h">
      <Filter>02.GameObjects\00.BackGround</Filter>
    </ClInclude>
    <ClInclude Include="..\public\Camera_Free.h">
      <Filter>02.GameObjects\02.Camera</Filter>
    </ClInclude>
    <ClInclude Include="..\Public\Sky.h">
      <Filter>02.GameObjects\06.Sky</Filter>
    </ClInclude>
    <ClInclude Include="..\Public\Explosion.h">
      <Filter>02.GameObjects\07.Effect\Particle\Explosion</Filter>
    </ClInclude>
    <ClInclude Include="..\Public\Effect.h">
      <Filter>02.GameObjects\07.Effect\Sprite</Filter>
    </ClInclude>
    <ClInclude Include="..\Public\Level_YG.h">
      <Filter>01.Levels\LevelYG</Filter>
    </ClInclude>
    <ClInclude Include="..\Public\Level_JW.h">
      <Filter>01.Levels\LevelJW</Filter>
    </ClInclude>
    <ClInclude Include="..\Public\Level_YW.h">
      <Filter>01.Levels\LevelYW</Filter>
    </ClInclude>
    <ClInclude Include="..\Public\Level_DH.h">
      <Filter>01.Levels\LevelDH</Filter>
    </ClInclude>
    <ClInclude Include="..\Public\Level_CY.h">
      <Filter>01.Levels\LevelCY</Filter>
    </ClInclude>
    <ClInclude Include="..\Public\Level_GL.h">
      <Filter>01.Levels\LevelGL</Filter>
    </ClInclude>
  </ItemGroup>
  <ItemGroup>
    <Image Include="Client.ico">
      <Filter>98.Default</Filter>
    </Image>
    <Image Include="small.ico">
      <Filter>98.Default</Filter>
    </Image>
  </ItemGroup>
  <ItemGroup>
    <ResourceCompile Include="Client.rc">
      <Filter>98.Default</Filter>
    </ResourceCompile>
  </ItemGroup>
  <ItemGroup>
    <ClCompile Include="Client.cpp">
      <Filter>98.Default</Filter>
    </ClCompile>
    <ClCompile Include="..\Private\Level_GamePlay.cpp">
      <Filter>01.Levels\GamePlay</Filter>
    </ClCompile>
    <ClCompile Include="..\Private\Level_Loading.cpp">
      <Filter>01.Levels\Loading</Filter>
    </ClCompile>
    <ClCompile Include="..\Private\Loader.cpp">
      <Filter>01.Levels\Loading\Loader</Filter>
    </ClCompile>
    <ClCompile Include="..\Private\Level_Logo.cpp">
      <Filter>01.Levels\Logo</Filter>
    </ClCompile>
    <ClCompile Include="..\private\MainApp.cpp">
      <Filter>00.MainApp</Filter>
    </ClCompile>
    <ClCompile Include="..\private\BackGround.cpp">
      <Filter>02.GameObjects\00.BackGround</Filter>
    </ClCompile>
    <ClCompile Include="..\private\Camera_Free.cpp">
      <Filter>02.GameObjects\02.Camera</Filter>
    </ClCompile>
    <ClCompile Include="..\Private\Sky.cpp">
      <Filter>02.GameObjects\06.Sky</Filter>
    </ClCompile>
    <ClCompile Include="..\Private\Explosion.cpp">
      <Filter>02.GameObjects\07.Effect\Particle\Explosion</Filter>
    </ClCompile>
    <ClCompile Include="..\Private\Effect.cpp">
      <Filter>02.GameObjects\07.Effect\Sprite</Filter>
    </ClCompile>
    <ClCompile Include="..\Private\Level_YG.cpp">
      <Filter>01.Levels\LevelYG</Filter>
    </ClCompile>
    <ClCompile Include="..\Private\Level_JW.cpp">
      <Filter>01.Levels\LevelJW</Filter>
    </ClCompile>
    <ClCompile Include="..\Private\Level_YW.cpp">
      <Filter>01.Levels\LevelYW</Filter>
    </ClCompile>
    <ClCompile Include="..\Private\Level_DH.cpp">
      <Filter>01.Levels\LevelDH</Filter>
    </ClCompile>
    <ClCompile Include="..\Private\Level_CY.cpp">
      <Filter>01.Levels\LevelCY</Filter>
    </ClCompile>
    <ClCompile Include="..\Private\Level_GL.cpp">
      <Filter>01.Levels\LevelGL</Filter>
    </ClCompile>
  </ItemGroup>
  <ItemGroup>
    <FxCompile Include="..\Bin\ShaderFiles\Shader_VtxPosTex.hlsl">
      <Filter>97.ShaderFiles</Filter>
    </FxCompile>
    <FxCompile Include="..\Bin\ShaderFiles\Shader_VtxNorTex.hlsl">
      <Filter>97.ShaderFiles</Filter>
    </FxCompile>
    <FxCompile Include="..\Bin\ShaderFiles\Shader_VtxMesh.hlsl">
      <Filter>97.ShaderFiles</Filter>
    </FxCompile>
    <FxCompile Include="..\Bin\ShaderFiles\Shader_VtxAnimMesh.hlsl">
      <Filter>97.ShaderFiles</Filter>
    </FxCompile>
    <FxCompile Include="..\Bin\ShaderFiles\Shader_VtxCube.hlsl">
      <Filter>97.ShaderFiles</Filter>
    </FxCompile>
    <FxCompile Include="..\Bin\ShaderFiles\Shader_VtxRectInstance.hlsl">
      <Filter>97.ShaderFiles</Filter>
    </FxCompile>
    <FxCompile Include="..\Bin\ShaderFiles\Shader_VtxPosInstance.hlsl">
      <Filter>97.ShaderFiles</Filter>
    </FxCompile>
  </ItemGroup>
</Project>